Microsoft Visual Studio Solution File, Format Version 9.00
# Visual Studio 2005
Project("{8BC9CEB8-8B4A-11D0-8D11-00A0C91BC942}") = "RlCommon", "engine\common\RlCommon2005.vcproj", "{D3185FC6-9384-431A-A237-80284F859B21}"
EndProject
Project("{8BC9CEB8-8B4A-11D0-8D11-00A0C91BC942}") = "RlCore", "engine\core\RlCore2005.vcproj", "{0935F495-4540-40E3-AC8F-AA54C85DC5B2}"
	ProjectSection(ProjectDependencies) = postProject
		{D3185FC6-9384-431A-A237-80284F859B21} = {D3185FC6-9384-431A-A237-80284F859B21}
		{895EED4D-7308-4A03-9D79-CC59EB867FE8} = {895EED4D-7308-4A03-9D79-CC59EB867FE8}
	EndProjectSection
EndProject
Project("{8BC9CEB8-8B4A-11D0-8D11-00A0C91BC942}") = "RlDialog", "engine\dialog\RlDialog2005.vcproj", "{6361481B-A6D5-4BC2-826C-C26A49C631A8}"
	ProjectSection(ProjectDependencies) = postProject
		{D3185FC6-9384-431A-A237-80284F859B21} = {D3185FC6-9384-431A-A237-80284F859B21}
		{1D1D45B2-A9C3-4D10-93EC-22AE4AA5C070} = {1D1D45B2-A9C3-4D10-93EC-22AE4AA5C070}
		{0935F495-4540-40E3-AC8F-AA54C85DC5B2} = {0935F495-4540-40E3-AC8F-AA54C85DC5B2}
	EndProjectSection
EndProject
Project("{8BC9CEB8-8B4A-11D0-8D11-00A0C91BC942}") = "RlRules", "engine\rules\RlRules2005.vcproj", "{1D1D45B2-A9C3-4D10-93EC-22AE4AA5C070}"
	ProjectSection(ProjectDependencies) = postProject
		{D3185FC6-9384-431A-A237-80284F859B21} = {D3185FC6-9384-431A-A237-80284F859B21}
		{0935F495-4540-40E3-AC8F-AA54C85DC5B2} = {0935F495-4540-40E3-AC8F-AA54C85DC5B2}
	EndProjectSection
EndProject
Project("{8BC9CEB8-8B4A-11D0-8D11-00A0C91BC942}") = "RlScript", "engine\script\RlScript2005.vcproj", "{9A41EAE4-302A-4823-8F20-FA1AD58189A1}"
	ProjectSection(ProjectDependencies) = postProject
		{53FE20F3-E726-44FE-BBEC-D29CAE210D25} = {53FE20F3-E726-44FE-BBEC-D29CAE210D25}
		{D3185FC6-9384-431A-A237-80284F859B21} = {D3185FC6-9384-431A-A237-80284F859B21}
		{ED15F1B3-8B3B-40D1-8F56-5399B2E5E851} = {ED15F1B3-8B3B-40D1-8F56-5399B2E5E851}
		{1D1D45B2-A9C3-4D10-93EC-22AE4AA5C070} = {1D1D45B2-A9C3-4D10-93EC-22AE4AA5C070}
		{0935F495-4540-40E3-AC8F-AA54C85DC5B2} = {0935F495-4540-40E3-AC8F-AA54C85DC5B2}
		{C3E78B89-587B-499A-BE7D-4FE8564F0CD7} = {C3E78B89-587B-499A-BE7D-4FE8564F0CD7}
		{895EED4D-7308-4A03-9D79-CC59EB867FE8} = {895EED4D-7308-4A03-9D79-CC59EB867FE8}
		{6361481B-A6D5-4BC2-826C-C26A49C631A8} = {6361481B-A6D5-4BC2-826C-C26A49C631A8}
	EndProjectSection
EndProject
Project("{8BC9CEB8-8B4A-11D0-8D11-00A0C91BC942}") = "RlStartup", "engine\startup\RlStartup2005.vcproj", "{B78AEF70-E618-4E9D-BD67-E17995ECF714}"
	ProjectSection(ProjectDependencies) = postProject
		{53FE20F3-E726-44FE-BBEC-D29CAE210D25} = {53FE20F3-E726-44FE-BBEC-D29CAE210D25}
		{9A41EAE4-302A-4823-8F20-FA1AD58189A1} = {9A41EAE4-302A-4823-8F20-FA1AD58189A1}
		{D3185FC6-9384-431A-A237-80284F859B21} = {D3185FC6-9384-431A-A237-80284F859B21}
		{ED15F1B3-8B3B-40D1-8F56-5399B2E5E851} = {ED15F1B3-8B3B-40D1-8F56-5399B2E5E851}
		{1D1D45B2-A9C3-4D10-93EC-22AE4AA5C070} = {1D1D45B2-A9C3-4D10-93EC-22AE4AA5C070}
		{0935F495-4540-40E3-AC8F-AA54C85DC5B2} = {0935F495-4540-40E3-AC8F-AA54C85DC5B2}
		{6361481B-A6D5-4BC2-826C-C26A49C631A8} = {6361481B-A6D5-4BC2-826C-C26A49C631A8}
	EndProjectSection
EndProject
Project("{8BC9CEB8-8B4A-11D0-8D11-00A0C91BC942}") = "RlUI", "engine\ui\RlUI2005.vcproj", "{53FE20F3-E726-44FE-BBEC-D29CAE210D25}"
	ProjectSection(ProjectDependencies) = postProject
		{D3185FC6-9384-431A-A237-80284F859B21} = {D3185FC6-9384-431A-A237-80284F859B21}
		{ED15F1B3-8B3B-40D1-8F56-5399B2E5E851} = {ED15F1B3-8B3B-40D1-8F56-5399B2E5E851}
		{1D1D45B2-A9C3-4D10-93EC-22AE4AA5C070} = {1D1D45B2-A9C3-4D10-93EC-22AE4AA5C070}
		{0935F495-4540-40E3-AC8F-AA54C85DC5B2} = {0935F495-4540-40E3-AC8F-AA54C85DC5B2}
		{6361481B-A6D5-4BC2-826C-C26A49C631A8} = {6361481B-A6D5-4BC2-826C-C26A49C631A8}
	EndProjectSection
EndProject
Project("{8BC9CEB8-8B4A-11D0-8D11-00A0C91BC942}") = "RlUIComponents", "engine\uicomponents\RlUIComponents2005.vcproj", "{ED15F1B3-8B3B-40D1-8F56-5399B2E5E851}"
EndProject
Project("{8BC9CEB8-8B4A-11D0-8D11-00A0C91BC942}") = "RlMultimedia", "engine\multimedia\RlMultimedia2005.vcproj", "{895EED4D-7308-4A03-9D79-CC59EB867FE8}"
	ProjectSection(ProjectDependencies) = postProject
		{D3185FC6-9384-431A-A237-80284F859B21} = {D3185FC6-9384-431A-A237-80284F859B21}
	EndProjectSection
EndProject
Project("{8BC9CEB8-8B4A-11D0-8D11-00A0C91BC942}") = "RlFmod3Driver", "plugins\fmod3driver\RlFmod3Driver.vcproj", "{CA8B2801-7638-48E7-AE8D-5DAB955EAF84}"
	ProjectSection(ProjectDependencies) = postProject
		{53FE20F3-E726-44FE-BBEC-D29CAE210D25} = {53FE20F3-E726-44FE-BBEC-D29CAE210D25}
		{D3185FC6-9384-431A-A237-80284F859B21} = {D3185FC6-9384-431A-A237-80284F859B21}
		{0935F495-4540-40E3-AC8F-AA54C85DC5B2} = {0935F495-4540-40E3-AC8F-AA54C85DC5B2}
		{895EED4D-7308-4A03-9D79-CC59EB867FE8} = {895EED4D-7308-4A03-9D79-CC59EB867FE8}
	EndProjectSection
EndProject
Project("{8BC9CEB8-8B4A-11D0-8D11-00A0C91BC942}") = "RlAI", "engine\ai\RlAI2005.vcproj", "{C3E78B89-587B-499A-BE7D-4FE8564F0CD7}"
	ProjectSection(ProjectDependencies) = postProject
		{0935F495-4540-40E3-AC8F-AA54C85DC5B2} = {0935F495-4540-40E3-AC8F-AA54C85DC5B2}
		{D3185FC6-9384-431A-A237-80284F859B21} = {D3185FC6-9384-431A-A237-80284F859B21}
	EndProjectSection
EndProject
Global
	GlobalSection(SolutionConfigurationPlatforms) = preSolution
		Debug|Win32 = Debug|Win32
		Profile|Win32 = Profile|Win32
		Release|Win32 = Release|Win32
	EndGlobalSection
	GlobalSection(ProjectConfigurationPlatforms) = postSolution
		{D3185FC6-9384-431A-A237-80284F859B21}.Debug|Win32.ActiveCfg = Debug|Win32
		{D3185FC6-9384-431A-A237-80284F859B21}.Debug|Win32.Build.0 = Debug|Win32
		{D3185FC6-9384-431A-A237-80284F859B21}.Profile|Win32.ActiveCfg = Profile|Win32
		{D3185FC6-9384-431A-A237-80284F859B21}.Profile|Win32.Build.0 = Profile|Win32
		{D3185FC6-9384-431A-A237-80284F859B21}.Release|Win32.ActiveCfg = Release|Win32
		{D3185FC6-9384-431A-A237-80284F859B21}.Release|Win32.Build.0 = Release|Win32
		{0935F495-4540-40E3-AC8F-AA54C85DC5B2}.Debug|Win32.ActiveCfg = Debug|Win32
		{0935F495-4540-40E3-AC8F-AA54C85DC5B2}.Debug|Win32.Build.0 = Debug|Win32
		{0935F495-4540-40E3-AC8F-AA54C85DC5B2}.Profile|Win32.ActiveCfg = Profile|Win32
		{0935F495-4540-40E3-AC8F-AA54C85DC5B2}.Profile|Win32.Build.0 = Profile|Win32
		{0935F495-4540-40E3-AC8F-AA54C85DC5B2}.Release|Win32.ActiveCfg = Release|Win32
		{0935F495-4540-40E3-AC8F-AA54C85DC5B2}.Release|Win32.Build.0 = Release|Win32
		{6361481B-A6D5-4BC2-826C-C26A49C631A8}.Debug|Win32.ActiveCfg = Debug|Win32
		{6361481B-A6D5-4BC2-826C-C26A49C631A8}.Debug|Win32.Build.0 = Debug|Win32
		{6361481B-A6D5-4BC2-826C-C26A49C631A8}.Profile|Win32.ActiveCfg = Profile|Win32
		{6361481B-A6D5-4BC2-826C-C26A49C631A8}.Profile|Win32.Build.0 = Profile|Win32
		{6361481B-A6D5-4BC2-826C-C26A49C631A8}.Release|Win32.ActiveCfg = Release|Win32
		{6361481B-A6D5-4BC2-826C-C26A49C631A8}.Release|Win32.Build.0 = Release|Win32
		{1D1D45B2-A9C3-4D10-93EC-22AE4AA5C070}.Debug|Win32.ActiveCfg = Debug|Win32
		{1D1D45B2-A9C3-4D10-93EC-22AE4AA5C070}.Debug|Win32.Build.0 = Debug|Win32
		{1D1D45B2-A9C3-4D10-93EC-22AE4AA5C070}.Profile|Win32.ActiveCfg = Profile|Win32
		{1D1D45B2-A9C3-4D10-93EC-22AE4AA5C070}.Profile|Win32.Build.0 = Profile|Win32
		{1D1D45B2-A9C3-4D10-93EC-22AE4AA5C070}.Release|Win32.ActiveCfg = Release|Win32
		{1D1D45B2-A9C3-4D10-93EC-22AE4AA5C070}.Release|Win32.Build.0 = Release|Win32
		{9A41EAE4-302A-4823-8F20-FA1AD58189A1}.Debug|Win32.ActiveCfg = Debug|Win32
		{9A41EAE4-302A-4823-8F20-FA1AD58189A1}.Debug|Win32.Build.0 = Debug|Win32
		{9A41EAE4-302A-4823-8F20-FA1AD58189A1}.Profile|Win32.ActiveCfg = Profile|Win32
		{9A41EAE4-302A-4823-8F20-FA1AD58189A1}.Profile|Win32.Build.0 = Profile|Win32
		{9A41EAE4-302A-4823-8F20-FA1AD58189A1}.Release|Win32.ActiveCfg = Release|Win32
		{9A41EAE4-302A-4823-8F20-FA1AD58189A1}.Release|Win32.Build.0 = Release|Win32
		{B78AEF70-E618-4E9D-BD67-E17995ECF714}.Debug|Win32.ActiveCfg = Debug|Win32
		{B78AEF70-E618-4E9D-BD67-E17995ECF714}.Debug|Win32.Build.0 = Debug|Win32
		{B78AEF70-E618-4E9D-BD67-E17995ECF714}.Profile|Win32.ActiveCfg = Profile|Win32
		{B78AEF70-E618-4E9D-BD67-E17995ECF714}.Profile|Win32.Build.0 = Profile|Win32
		{B78AEF70-E618-4E9D-BD67-E17995ECF714}.Release|Win32.ActiveCfg = Release|Win32
		{B78AEF70-E618-4E9D-BD67-E17995ECF714}.Release|Win32.Build.0 = Release|Win32
		{53FE20F3-E726-44FE-BBEC-D29CAE210D25}.Debug|Win32.ActiveCfg = Debug|Win32
		{53FE20F3-E726-44FE-BBEC-D29CAE210D25}.Debug|Win32.Build.0 = Debug|Win32
		{53FE20F3-E726-44FE-BBEC-D29CAE210D25}.Profile|Win32.ActiveCfg = Profile|Win32
		{53FE20F3-E726-44FE-BBEC-D29CAE210D25}.Profile|Win32.Build.0 = Profile|Win32
		{53FE20F3-E726-44FE-BBEC-D29CAE210D25}.Release|Win32.ActiveCfg = Release|Win32
		{53FE20F3-E726-44FE-BBEC-D29CAE210D25}.Release|Win32.Build.0 = Release|Win32
		{ED15F1B3-8B3B-40D1-8F56-5399B2E5E851}.Debug|Win32.ActiveCfg = Debug|Win32
		{ED15F1B3-8B3B-40D1-8F56-5399B2E5E851}.Debug|Win32.Build.0 = Debug|Win32
		{ED15F1B3-8B3B-40D1-8F56-5399B2E5E851}.Profile|Win32.ActiveCfg = Profile|Win32
		{ED15F1B3-8B3B-40D1-8F56-5399B2E5E851}.Profile|Win32.Build.0 = Profile|Win32
		{ED15F1B3-8B3B-40D1-8F56-5399B2E5E851}.Release|Win32.ActiveCfg = Release|Win32
		{ED15F1B3-8B3B-40D1-8F56-5399B2E5E851}.Release|Win32.Build.0 = Release|Win32
		{895EED4D-7308-4A03-9D79-CC59EB867FE8}.Debug|Win32.ActiveCfg = Debug|Win32
		{895EED4D-7308-4A03-9D79-CC59EB867FE8}.Debug|Win32.Build.0 = Debug|Win32
		{895EED4D-7308-4A03-9D79-CC59EB867FE8}.Profile|Win32.ActiveCfg = Profile|Win32
		{895EED4D-7308-4A03-9D79-CC59EB867FE8}.Profile|Win32.Build.0 = Profile|Win32
		{895EED4D-7308-4A03-9D79-CC59EB867FE8}.Release|Win32.ActiveCfg = Release|Win32
		{895EED4D-7308-4A03-9D79-CC59EB867FE8}.Release|Win32.Build.0 = Release|Win32
		{CA8B2801-7638-48E7-AE8D-5DAB955EAF84}.Debug|Win32.ActiveCfg = Debug|Win32
		{CA8B2801-7638-48E7-AE8D-5DAB955EAF84}.Debug|Win32.Build.0 = Debug|Win32
		{CA8B2801-7638-48E7-AE8D-5DAB955EAF84}.Profile|Win32.ActiveCfg = Release|Win32
		{CA8B2801-7638-48E7-AE8D-5DAB955EAF84}.Profile|Win32.Build.0 = Release|Win32
		{CA8B2801-7638-48E7-AE8D-5DAB955EAF84}.Release|Win32.ActiveCfg = Release|Win32
		{CA8B2801-7638-48E7-AE8D-5DAB955EAF84}.Release|Win32.Build.0 = Release|Win32
		{C3E78B89-587B-499A-BE7D-4FE8564F0CD7}.Debug|Win32.ActiveCfg = Debug|Win32
		{C3E78B89-587B-499A-BE7D-4FE8564F0CD7}.Debug|Win32.Build.0 = Debug|Win32
		{C3E78B89-587B-499A-BE7D-4FE8564F0CD7}.Profile|Win32.ActiveCfg = Profile|Win32
		{C3E78B89-587B-499A-BE7D-4FE8564F0CD7}.Profile|Win32.Build.0 = Profile|Win32
		{C3E78B89-587B-499A-BE7D-4FE8564F0CD7}.Release|Win32.ActiveCfg = Release|Win32
		{C3E78B89-587B-499A-BE7D-4FE8564F0CD7}.Release|Win32.Build.0 = Release|Win32
	EndGlobalSection
	GlobalSection(SolutionProperties) = preSolution
		HideSolutionNode = FALSE
	EndGlobalSection
EndGlobal
