Microsoft Visual Studio Solution File, Format Version 9.00
# Visual Studio 2005
Project("{8BC9CEB8-8B4A-11D0-8D11-00A0C91BC942}") = "RlCommon", "engine\common\RlCommon2005.vcproj", "{D3185FC6-9384-431A-A237-80284F859B21}"
	ProjectSection(WebsiteProperties) = preProject
		Debug.AspNetCompiler.Debug = "True"
		Release.AspNetCompiler.Debug = "False"
	EndProjectSection
EndProject
Project("{8BC9CEB8-8B4A-11D0-8D11-00A0C91BC942}") = "RlCore", "engine\core\RlCore2005.vcproj", "{0935F495-4540-40E3-AC8F-AA54C85DC5B2}"
	ProjectSection(WebsiteProperties) = preProject
		Debug.AspNetCompiler.Debug = "True"
		Release.AspNetCompiler.Debug = "False"
	EndProjectSection
	ProjectSection(ProjectDependencies) = postProject
		{D3185FC6-9384-431A-A237-80284F859B21} = {D3185FC6-9384-431A-A237-80284F859B21}
	EndProjectSection
EndProject
Project("{8BC9CEB8-8B4A-11D0-8D11-00A0C91BC942}") = "RlRules", "engine\rules\RlRules2005.vcproj", "{1D1D45B2-A9C3-4D10-93EC-22AE4AA5C070}"
	ProjectSection(WebsiteProperties) = preProject
		Debug.AspNetCompiler.Debug = "True"
		Release.AspNetCompiler.Debug = "False"
	EndProjectSection
	ProjectSection(ProjectDependencies) = postProject
		{D3185FC6-9384-431A-A237-80284F859B21} = {D3185FC6-9384-431A-A237-80284F859B21}
		{0935F495-4540-40E3-AC8F-AA54C85DC5B2} = {0935F495-4540-40E3-AC8F-AA54C85DC5B2}
	EndProjectSection
EndProject
Project("{8BC9CEB8-8B4A-11D0-8D11-00A0C91BC942}") = "RlScript", "engine\script\RlScript2005.vcproj", "{9A41EAE4-302A-4823-8F20-FA1AD58189A1}"
	ProjectSection(WebsiteProperties) = preProject
		Debug.AspNetCompiler.Debug = "True"
		Release.AspNetCompiler.Debug = "False"
	EndProjectSection
	ProjectSection(ProjectDependencies) = postProject
		{53FE20F3-E726-44FE-BBEC-D29CAE210D25} = {53FE20F3-E726-44FE-BBEC-D29CAE210D25}
		{D3185FC6-9384-431A-A237-80284F859B21} = {D3185FC6-9384-431A-A237-80284F859B21}
		{1D1D45B2-A9C3-4D10-93EC-22AE4AA5C070} = {1D1D45B2-A9C3-4D10-93EC-22AE4AA5C070}
		{0935F495-4540-40E3-AC8F-AA54C85DC5B2} = {0935F495-4540-40E3-AC8F-AA54C85DC5B2}
		{C3E78B89-587B-499A-BE7D-4FE8564F0CD7} = {C3E78B89-587B-499A-BE7D-4FE8564F0CD7}
	EndProjectSection
EndProject
Project("{8BC9CEB8-8B4A-11D0-8D11-00A0C91BC942}") = "RlStartup", "engine\startup\RlStartup2005.vcproj", "{B78AEF70-E618-4E9D-BD67-E17995ECF714}"
	ProjectSection(WebsiteProperties) = preProject
		Debug.AspNetCompiler.Debug = "True"
		Release.AspNetCompiler.Debug = "False"
	EndProjectSection
	ProjectSection(ProjectDependencies) = postProject
		{53FE20F3-E726-44FE-BBEC-D29CAE210D25} = {53FE20F3-E726-44FE-BBEC-D29CAE210D25}
		{9A41EAE4-302A-4823-8F20-FA1AD58189A1} = {9A41EAE4-302A-4823-8F20-FA1AD58189A1}
		{D3185FC6-9384-431A-A237-80284F859B21} = {D3185FC6-9384-431A-A237-80284F859B21}
		{1D1D45B2-A9C3-4D10-93EC-22AE4AA5C070} = {1D1D45B2-A9C3-4D10-93EC-22AE4AA5C070}
		{0935F495-4540-40E3-AC8F-AA54C85DC5B2} = {0935F495-4540-40E3-AC8F-AA54C85DC5B2}
		{C3E78B89-587B-499A-BE7D-4FE8564F0CD7} = {C3E78B89-587B-499A-BE7D-4FE8564F0CD7}
	EndProjectSection
EndProject
Project("{8BC9CEB8-8B4A-11D0-8D11-00A0C91BC942}") = "RlUI", "engine\ui\RlUI2005.vcproj", "{53FE20F3-E726-44FE-BBEC-D29CAE210D25}"
	ProjectSection(WebsiteProperties) = preProject
		Debug.AspNetCompiler.Debug = "True"
		Release.AspNetCompiler.Debug = "False"
	EndProjectSection
	ProjectSection(ProjectDependencies) = postProject
		{C3E78B89-587B-499A-BE7D-4FE8564F0CD7} = {C3E78B89-587B-499A-BE7D-4FE8564F0CD7}
		{D3185FC6-9384-431A-A237-80284F859B21} = {D3185FC6-9384-431A-A237-80284F859B21}
		{1D1D45B2-A9C3-4D10-93EC-22AE4AA5C070} = {1D1D45B2-A9C3-4D10-93EC-22AE4AA5C070}
		{0935F495-4540-40E3-AC8F-AA54C85DC5B2} = {0935F495-4540-40E3-AC8F-AA54C85DC5B2}
	EndProjectSection
EndProject
Project("{8BC9CEB8-8B4A-11D0-8D11-00A0C91BC942}") = "RlAI", "engine\ai\RlAI2005.vcproj", "{C3E78B89-587B-499A-BE7D-4FE8564F0CD7}"
	ProjectSection(WebsiteProperties) = preProject
		Debug.AspNetCompiler.Debug = "True"
		Release.AspNetCompiler.Debug = "False"
	EndProjectSection
	ProjectSection(ProjectDependencies) = postProject
		{0935F495-4540-40E3-AC8F-AA54C85DC5B2} = {0935F495-4540-40E3-AC8F-AA54C85DC5B2}
		{D3185FC6-9384-431A-A237-80284F859B21} = {D3185FC6-9384-431A-A237-80284F859B21}
		{1D1D45B2-A9C3-4D10-93EC-22AE4AA5C070} = {1D1D45B2-A9C3-4D10-93EC-22AE4AA5C070}
	EndProjectSection
EndProject
Global
	GlobalSection(SolutionConfigurationPlatforms) = preSolution
		Debug|Win32 = Debug|Win32
		Release|Win32 = Release|Win32
		ReleaseWithSymbols|Win32 = ReleaseWithSymbols|Win32
	EndGlobalSection
	GlobalSection(ProjectConfigurationPlatforms) = postSolution
		{D3185FC6-9384-431A-A237-80284F859B21}.Debug|Win32.ActiveCfg = Debug|Win32
		{D3185FC6-9384-431A-A237-80284F859B21}.Debug|Win32.Build.0 = Debug|Win32
		{D3185FC6-9384-431A-A237-80284F859B21}.Release|Win32.ActiveCfg = Release|Win32
		{D3185FC6-9384-431A-A237-80284F859B21}.Release|Win32.Build.0 = Release|Win32
		{D3185FC6-9384-431A-A237-80284F859B21}.ReleaseWithSymbols|Win32.ActiveCfg = Release with Symbols|Win32
		{D3185FC6-9384-431A-A237-80284F859B21}.ReleaseWithSymbols|Win32.Build.0 = Release with Symbols|Win32
		{0935F495-4540-40E3-AC8F-AA54C85DC5B2}.Debug|Win32.ActiveCfg = Debug|Win32
		{0935F495-4540-40E3-AC8F-AA54C85DC5B2}.Debug|Win32.Build.0 = Debug|Win32
		{0935F495-4540-40E3-AC8F-AA54C85DC5B2}.Release|Win32.ActiveCfg = Release|Win32
		{0935F495-4540-40E3-AC8F-AA54C85DC5B2}.Release|Win32.Build.0 = Release|Win32
		{0935F495-4540-40E3-AC8F-AA54C85DC5B2}.ReleaseWithSymbols|Win32.ActiveCfg = Release with Symbols|Win32
		{0935F495-4540-40E3-AC8F-AA54C85DC5B2}.ReleaseWithSymbols|Win32.Build.0 = Release with Symbols|Win32
		{1D1D45B2-A9C3-4D10-93EC-22AE4AA5C070}.Debug|Win32.ActiveCfg = Debug|Win32
		{1D1D45B2-A9C3-4D10-93EC-22AE4AA5C070}.Debug|Win32.Build.0 = Debug|Win32
		{1D1D45B2-A9C3-4D10-93EC-22AE4AA5C070}.Release|Win32.ActiveCfg = Release|Win32
		{1D1D45B2-A9C3-4D10-93EC-22AE4AA5C070}.Release|Win32.Build.0 = Release|Win32
		{1D1D45B2-A9C3-4D10-93EC-22AE4AA5C070}.ReleaseWithSymbols|Win32.ActiveCfg = Release with Symbols|Win32
		{1D1D45B2-A9C3-4D10-93EC-22AE4AA5C070}.ReleaseWithSymbols|Win32.Build.0 = Release with Symbols|Win32
		{9A41EAE4-302A-4823-8F20-FA1AD58189A1}.Debug|Win32.ActiveCfg = Debug|Win32
		{9A41EAE4-302A-4823-8F20-FA1AD58189A1}.Debug|Win32.Build.0 = Debug|Win32
		{9A41EAE4-302A-4823-8F20-FA1AD58189A1}.Release|Win32.ActiveCfg = Release|Win32
		{9A41EAE4-302A-4823-8F20-FA1AD58189A1}.Release|Win32.Build.0 = Release|Win32
		{9A41EAE4-302A-4823-8F20-FA1AD58189A1}.ReleaseWithSymbols|Win32.ActiveCfg = Release with Symbols|Win32
		{9A41EAE4-302A-4823-8F20-FA1AD58189A1}.ReleaseWithSymbols|Win32.Build.0 = Release with Symbols|Win32
		{B78AEF70-E618-4E9D-BD67-E17995ECF714}.Debug|Win32.ActiveCfg = Debug|Win32
		{B78AEF70-E618-4E9D-BD67-E17995ECF714}.Debug|Win32.Build.0 = Debug|Win32
		{B78AEF70-E618-4E9D-BD67-E17995ECF714}.Release|Win32.ActiveCfg = Release|Win32
		{B78AEF70-E618-4E9D-BD67-E17995ECF714}.Release|Win32.Build.0 = Release|Win32
		{B78AEF70-E618-4E9D-BD67-E17995ECF714}.ReleaseWithSymbols|Win32.ActiveCfg = Release with Symbols|Win32
		{B78AEF70-E618-4E9D-BD67-E17995ECF714}.ReleaseWithSymbols|Win32.Build.0 = Release with Symbols|Win32
		{53FE20F3-E726-44FE-BBEC-D29CAE210D25}.Debug|Win32.ActiveCfg = Debug|Win32
		{53FE20F3-E726-44FE-BBEC-D29CAE210D25}.Debug|Win32.Build.0 = Debug|Win32
		{53FE20F3-E726-44FE-BBEC-D29CAE210D25}.Release|Win32.ActiveCfg = Release|Win32
		{53FE20F3-E726-44FE-BBEC-D29CAE210D25}.Release|Win32.Build.0 = Release|Win32
		{53FE20F3-E726-44FE-BBEC-D29CAE210D25}.ReleaseWithSymbols|Win32.ActiveCfg = Release with Symbols|Win32
		{53FE20F3-E726-44FE-BBEC-D29CAE210D25}.ReleaseWithSymbols|Win32.Build.0 = Release with Symbols|Win32
		{C3E78B89-587B-499A-BE7D-4FE8564F0CD7}.Debug|Win32.ActiveCfg = Debug|Win32
		{C3E78B89-587B-499A-BE7D-4FE8564F0CD7}.Debug|Win32.Build.0 = Debug|Win32
		{C3E78B89-587B-499A-BE7D-4FE8564F0CD7}.Release|Win32.ActiveCfg = Release|Win32
		{C3E78B89-587B-499A-BE7D-4FE8564F0CD7}.Release|Win32.Build.0 = Release|Win32
		{C3E78B89-587B-499A-BE7D-4FE8564F0CD7}.ReleaseWithSymbols|Win32.ActiveCfg = Release with Symbols|Win32
		{C3E78B89-587B-499A-BE7D-4FE8564F0CD7}.ReleaseWithSymbols|Win32.Build.0 = Release with Symbols|Win32
	EndGlobalSection
	GlobalSection(SolutionProperties) = preSolution
		HideSolutionNode = FALSE
	EndGlobalSection
EndGlobal
