<?xml version="1.0"?>
<!DOCTYPE Code::Blocks_project_file>
<Code::Blocks_project_file>
	<FileVersion major="1" minor="1"/>
	<Project>
		<Option title="RlStartup"/>
		<Option makefile="Makefile"/>
		<Option makefile_is_custom="0"/>
		<Option compiler="1"/>
		<Build>
			<Target title="Debug">
				<Option output=".\bin\debug\Rastullah.exe"/>
				<Option working_dir="."/>
				<Option object_output=".\obj\debug"/>
				<Option deps_output=".deps"/>
				<Option external_deps=""/>
				<Option type="1"/>
				<Option compiler="1"/>
				<Option projectResourceIncludeDirsRelation="1"/>
				<Compiler>
					<Add option="/DWIN32"/>
					<Add option="/D_DEBUG"/>
					<Add option="/D_WINDOWS"/>
					<Add option="/Zi"/>
					<Add directory=".\include"/>
					<Add directory="..\core\include"/>
					<Add directory="..\dialog\include"/>
					<Add directory="..\rules\include"/>
					<Add directory="..\ui\include"/>
					<Add directory="..\sound\include"/>
					<Add directory="..\common\include"/>
					<Add directory="..\script\include"/>
					<Add directory="..\..\dependencies\ogre\OgreMain\include"/>
					<Add directory="..\..\dependencies\openal\include"/>
					<Add directory="..\..\dependencies\openalpp\include"/>
					<Add directory="..\..\dependencies\vorbis\include"/>
					<Add directory="..\..\dependencies\ogg\include"/>
					<Add directory="..\..\dependencies\cegui\include"/>
					<Add directory="..\..\dependencies\ruby\lib\ruby\1.8\i386-mswin32"/>
					<Add directory="..\..\dependencies\xerces\include"/>
				</Compiler>
				<Linker>
					<Add option="/debug"/>
					<Add option="/incremental"/>
					<Add option="/pdb:.\bin\debug\Rastullah.pdb"/>
					<Add library="OgreMain_d"/>
					<Add library="RlCore"/>
					<Add library="RlUi"/>
					<Add library="RlScript"/>
					<Add library="CEGUIBase_d"/>
					<Add directory="..\rules\lib\Debug"/>
					<Add directory="..\core\lib\Debug"/>
					<Add directory="..\sound\lib\Debug"/>
					<Add directory="..\script\lib\Debug"/>
					<Add directory="..\ui\lib\Debug"/>
					<Add directory="..\..\dependencies\ogre\OgreMain\lib\Debug"/>
					<Add directory="..\..\dependencies\cegui\lib"/>
					<Add directory="..\..\dependencies\xerces\lib"/>
				</Linker>
				<ExtraCommands>
					<Add after="$(SolutionDir)\tools\copy_dlls.bat&quot; &quot;$(SolutionDir)&quot; &quot;Debug"/>
				</ExtraCommands>
			</Target>
			<Target title="Release">
				<Option output=".\bin\release\Rastullah.exe"/>
				<Option working_dir="."/>
				<Option object_output=".\obj\release"/>
				<Option deps_output=".deps"/>
				<Option external_deps=""/>
				<Option type="1"/>
				<Option compiler="1"/>
				<Option projectResourceIncludeDirsRelation="1"/>
				<Compiler>
					<Add option="/DWIN32"/>
					<Add option="/DNDEBUG"/>
					<Add option="/D_WINDOWS"/>
					<Add directory=".\include"/>
					<Add directory="..\core\include"/>
					<Add directory="..\dialog\include"/>
					<Add directory="..\rules\include"/>
					<Add directory="..\ui\include"/>
					<Add directory="..\sound\include"/>
					<Add directory="..\common\include"/>
					<Add directory="..\script\include"/>
					<Add directory="..\..\dependencies\ogre\OgreMain\include"/>
					<Add directory="..\..\dependencies\openal\include"/>
					<Add directory="..\..\dependencies\openalpp\include"/>
					<Add directory="..\..\dependencies\vorbis\include"/>
					<Add directory="..\..\dependencies\ogg\include"/>
					<Add directory="..\..\dependencies\cegui\include"/>
					<Add directory="..\..\dependencies\ruby\lib\ruby\1.8\i386-mswin32"/>
					<Add directory="..\..\dependencies\ogre\dependencies\include"/>
					<Add directory="..\..\dependencies\xerces\include"/>
				</Compiler>
				<Linker>
					<Add option="/incremental"/>
					<Add library="OgreMain"/>
					<Add library="RlCore"/>
					<Add library="RlUi"/>
					<Add library="RlScript"/>
					<Add library="CEGUIBase"/>
					<Add directory="..\rules\lib\Release"/>
					<Add directory="..\core\lib\Release"/>
					<Add directory="..\sound\lib\Release"/>
					<Add directory="..\script\lib\Release"/>
					<Add directory="..\ui\lib\Release"/>
					<Add directory="..\..\dependencies\ogre\OgreMain\lib\Release"/>
					<Add directory="..\..\dependencies\cegui\lib"/>
					<Add directory="..\..\dependencies\xerces\lib"/>
				</Linker>
				<ExtraCommands>
					<Add after="$(SolutionDir)\tools\copy_dlls.bat&quot; &quot;$(SolutionDir)&quot; &quot;Release"/>
				</ExtraCommands>
			</Target>
		</Build>
		<Compiler>
			<Add option="/GX"/>
			<Add option="/W3"/>
			<Add option="/Zi"/>
		</Compiler>
		<Unit filename="src\RastullahMain.cpp">
			<Option compilerVar="CPP"/>
			<Option target="Debug"/>
			<Option target="Release"/>
		</Unit>
	</Project>
</Code::Blocks_project_file>
