<?xml version="1.0"?>
<!DOCTYPE Code::Blocks_project_file>
<Code::Blocks_project_file>
	<FileVersion major="1" minor="1"/>
	<Project>
		<Option title="RlSound"/>
		<Option makefile="Makefile"/>
		<Option makefile_is_custom="0"/>
		<Option default_target="-1"/>
		<Option compiler="1"/>
		<Build>
			<Target title="Debug">
				<Option output=".\lib\Debug\RlSound.dll"/>
				<Option working_dir=".\lib\Debug"/>
				<Option object_output=".\obj\Debug"/>
				<Option deps_output=".deps"/>
				<Option external_deps=""/>
				<Option type="3"/>
				<Option compiler="1"/>
				<Option createDefFile="1"/>
				<Option createStaticLib="1"/>
				<Compiler>
					<Add option="/GR"/>
					<Add option="/Zi"/>
					<Add option="/MDd"/>
					<Add option="/D_WINDOWS"/>
					<Add option="/DWIN32"/>
					<Add option="/DRLSOUND_EXPORTS"/>
					<Add option="/D_DEBUG"/>
					<Add option="/DLIBOPENAL"/>
					<Add option="/DHAVE_LIBOPENAL"/>
				</Compiler>
				<Linker>
					<Add option="/debug"/>
					<Add option="/pdb:.\lib\Debug\RlSound.pdb"/>
					<Add library="OgreMain_d"/>
					<Add library="ogg_static_d"/>
					<Add library="vorbis_static_d"/>
					<Add library="vorbisenc_static_d"/>
					<Add library="vorbisfile_static_d"/>
					<Add directory="..\..\dependencies\ogre\OgreMain\lib\Debug"/>
					<Add directory="..\common\lib\Debug"/>
				</Linker>
			</Target>
			<Target title="Release">
				<Option output=".\lib\Release\RlSound.dll"/>
				<Option working_dir=".\lib\Release"/>
				<Option object_output=".\obj\Release"/>
				<Option deps_output=".deps"/>
				<Option external_deps=""/>
				<Option type="3"/>
				<Option compiler="1"/>
				<Option createDefFile="1"/>
				<Option createStaticLib="1"/>
				<Compiler>
					<Add option="/GR"/>
					<Add option="/Ox"/>
					<Add option="/Og"/>
					<Add option="/MD"/>
					<Add option="/DNDEBUG"/>
					<Add option="/D_WINDOWS"/>
					<Add option="/DWIN32"/>
					<Add option="/DRLSOUND_EXPORTS"/>
					<Add option="/DLIBOPENAL"/>
					<Add option="/DHAVE_LIBOPENAL"/>
				</Compiler>
				<Linker>
					<Add option="/incremental"/>
					<Add library="OgreMain"/>
					<Add library="ogg_static"/>
					<Add library="vorbis_static"/>
					<Add library="vorbisenc_static"/>
					<Add library="vorbisfile_static"/>
					<Add directory="..\..\dependencies\ogre\OgreMain\lib\Release"/>
					<Add directory="..\common\lib\Release"/>
				</Linker>
			</Target>
		</Build>
		<Compiler>
			<Add option="/GX"/>
			<Add option="/GR"/>
			<Add option="/W3"/>
			<Add directory=".\include"/>
			<Add directory="..\common\include"/>
			<Add directory="..\..\dependencies\ogre\OgreMain\include"/>
			<Add directory="..\..\dependencies\ogre\OgreMain\Dependencies\include"/>
			<Add directory="..\..\dependencies\openalpp\include"/>
			<Add directory="..\..\dependencies\openal\include"/>
			<Add directory="..\..\dependencies\ruby\lib\ruby\1.8\i386-mswin32"/>
			<Add directory="..\..\dependencies\ogg\include"/>
			<Add directory="..\..\dependencies\vorbis\include"/>
			<Add directory="..\..\dependencies\boost\include"/>
		</Compiler>
		<Linker>
			<Add library="RlCommon"/>
			<Add library="msvcrt-ruby18"/>
			<Add library="OpenAl32"/>
			<Add library="ALut"/>
			<Add directory="..\..\dependencies\ruby\lib"/>
			<Add directory="..\..\dependencies\OpenAL\libs"/>
			<Add directory="..\..\dependencies\ogg\win32"/>
			<Add directory="..\..\dependencies\vorbis\lib"/>
			<Add directory="..\..\dependencies\boost\lib"/>
		</Linker>
		<Unit filename="include\ListenerMovable.h">
			<Option compilerVar=""/>
			<Option compile="0"/>
			<Option link="0"/>
			<Option target="Debug"/>
			<Option target="Release"/>
		</Unit>
		<Unit filename="include\MusicManager.h">
			<Option compilerVar=""/>
			<Option compile="0"/>
			<Option link="0"/>
			<Option target="Debug"/>
			<Option target="Release"/>
		</Unit>
		<Unit filename="include\SoundEvents.h">
			<Option compilerVar=""/>
			<Option compile="0"/>
			<Option link="0"/>
			<Option target="Debug"/>
			<Option target="Release"/>
		</Unit>
		<Unit filename="include\SoundManager.h">
			<Option compilerVar=""/>
			<Option compile="0"/>
			<Option link="0"/>
			<Option target="Debug"/>
			<Option target="Release"/>
		</Unit>
		<Unit filename="include\SoundMovable.h">
			<Option compilerVar=""/>
			<Option compile="0"/>
			<Option link="0"/>
			<Option target="Debug"/>
			<Option target="Release"/>
		</Unit>
		<Unit filename="include\SoundPrerequisites.h">
			<Option compilerVar=""/>
			<Option compile="0"/>
			<Option link="0"/>
			<Option target="Debug"/>
			<Option target="Release"/>
		</Unit>
		<Unit filename="include\SoundResource.h">
			<Option compilerVar=""/>
			<Option compile="0"/>
			<Option link="0"/>
			<Option target="Debug"/>
			<Option target="Release"/>
		</Unit>
		<Unit filename="include\SoundSubsystem.h">
			<Option compilerVar=""/>
			<Option compile="0"/>
			<Option link="0"/>
			<Option target="Debug"/>
			<Option target="Release"/>
		</Unit>
		<Unit filename="src\ListenerMovable.cpp">
			<Option compilerVar="CPP"/>
			<Option target="Debug"/>
			<Option target="Release"/>
		</Unit>
		<Unit filename="src\MusicManager.cpp">
			<Option compilerVar="CPP"/>
			<Option target="Debug"/>
			<Option target="Release"/>
		</Unit>
		<Unit filename="src\SoundEvents.cpp">
			<Option compilerVar="CPP"/>
			<Option target="Debug"/>
			<Option target="Release"/>
		</Unit>
		<Unit filename="src\SoundManager.cpp">
			<Option compilerVar="CPP"/>
			<Option target="Debug"/>
			<Option target="Release"/>
		</Unit>
		<Unit filename="src\SoundMovable.cpp">
			<Option compilerVar="CPP"/>
			<Option target="Debug"/>
			<Option target="Release"/>
		</Unit>
		<Unit filename="src\SoundResource.cpp">
			<Option compilerVar="CPP"/>
			<Option target="Debug"/>
			<Option target="Release"/>
		</Unit>
		<Unit filename="src\SoundSubsystem.cpp">
			<Option compilerVar="CPP"/>
			<Option target="Debug"/>
			<Option target="Release"/>
		</Unit>
	</Project>
</Code::Blocks_project_file>
