
Microsoft Visual Studio Solution File, Format Version 9.00
# Visual C++ Express 2005
Project("{8BC9CEB8-8B4A-11D0-8D11-00A0C91BC942}") = "MadaBot", "MadaBot\MadaBot.vcproj", "{EE05FDC8-F193-4C2E-BCDF-22496732388A}"
EndProject
Project("{8BC9CEB8-8B4A-11D0-8D11-00A0C91BC942}") = "TestApp", "TestApp\TestApp.vcproj", "{8C255739-5941-453C-9A9B-EE675746B249}"
	ProjectSection(ProjectDependencies) = postProject
		{EE05FDC8-F193-4C2E-BCDF-22496732388A} = {EE05FDC8-F193-4C2E-BCDF-22496732388A}
	EndProjectSection
EndProject
Global
	GlobalSection(SolutionConfigurationPlatforms) = preSolution
		Debug|Win32 = Debug|Win32
		Release|Win32 = Release|Win32
	EndGlobalSection
	GlobalSection(ProjectConfigurationPlatforms) = postSolution
		{EE05FDC8-F193-4C2E-BCDF-22496732388A}.Debug|Win32.ActiveCfg = Debug|Win32
		{EE05FDC8-F193-4C2E-BCDF-22496732388A}.Debug|Win32.Build.0 = Debug|Win32
		{EE05FDC8-F193-4C2E-BCDF-22496732388A}.Release|Win32.ActiveCfg = Release|Win32
		{EE05FDC8-F193-4C2E-BCDF-22496732388A}.Release|Win32.Build.0 = Release|Win32
		{8C255739-5941-453C-9A9B-EE675746B249}.Debug|Win32.ActiveCfg = Debug|Win32
		{8C255739-5941-453C-9A9B-EE675746B249}.Debug|Win32.Build.0 = Debug|Win32
		{8C255739-5941-453C-9A9B-EE675746B249}.Release|Win32.ActiveCfg = Release|Win32
		{8C255739-5941-453C-9A9B-EE675746B249}.Release|Win32.Build.0 = Release|Win32
	EndGlobalSection
	GlobalSection(SolutionProperties) = preSolution
		HideSolutionNode = FALSE
	EndGlobalSection
EndGlobal
