Microsoft Visual Studio Solution File, Format Version 9.00
# Visual C++ Express 2005
Project("{8BC9CEB8-8B4A-11D0-8D11-00A0C91BC942}") = "opensteer", "opensteer.vcproj", "{2FCB5399-059F-405F-A19B-3ACBE92057A9}"
EndProject
Project("{8BC9CEB8-8B4A-11D0-8D11-00A0C91BC942}") = "OpenSteerDemo", "steertest.vcproj", "{1355AD4B-911E-42E7-B703-4847A40788EB}"
	ProjectSection(ProjectDependencies) = postProject
		{2FCB5399-059F-405F-A19B-3ACBE92057A9} = {2FCB5399-059F-405F-A19B-3ACBE92057A9}
	EndProjectSection
EndProject
Global
	GlobalSection(SolutionConfigurationPlatforms) = preSolution
		Debug|Win32 = Debug|Win32
		Release|Win32 = Release|Win32
	EndGlobalSection
	GlobalSection(ProjectConfigurationPlatforms) = postSolution
		{2FCB5399-059F-405F-A19B-3ACBE92057A9}.Debug|Win32.ActiveCfg = Debug|Win32
		{2FCB5399-059F-405F-A19B-3ACBE92057A9}.Debug|Win32.Build.0 = Debug|Win32
		{2FCB5399-059F-405F-A19B-3ACBE92057A9}.Release|Win32.ActiveCfg = Release|Win32
		{2FCB5399-059F-405F-A19B-3ACBE92057A9}.Release|Win32.Build.0 = Release|Win32
		{1355AD4B-911E-42E7-B703-4847A40788EB}.Debug|Win32.ActiveCfg = Debug|Win32
		{1355AD4B-911E-42E7-B703-4847A40788EB}.Release|Win32.ActiveCfg = Release|Win32
	EndGlobalSection
	GlobalSection(SolutionProperties) = preSolution
		HideSolutionNode = FALSE
	EndGlobalSection
EndGlobal
