// !$*UTF8*$!
{
	archiveVersion = 1;
	classes = {
	};
	objectVersion = 42;
	objects = {

/* Begin PBXBuildFile section */
		3224E47908435D8C00C13D97 /* libcppunit-1.10.2.0.0.dylib in Frameworks */ = {isa = PBXBuildFile; fileRef = 3224E47808435D8C00C13D97 /* libcppunit-1.10.2.0.0.dylib */; };
		3230C0C4084DBBA100CBB0D9 /* OpenGL.framework in Frameworks */ = {isa = PBXBuildFile; fileRef = 32FFF49206E90A9F00E1D8A3 /* OpenGL.framework */; };
		3230C0C5084DBBA100CBB0D9 /* GLUT.framework in Frameworks */ = {isa = PBXBuildFile; fileRef = 32FFF49106E90A9F00E1D8A3 /* GLUT.framework */; };
		3230C0C6084DBBA500CBB0D9 /* Cocoa.framework in Frameworks */ = {isa = PBXBuildFile; fileRef = 1058C7A1FEA54F0111CA2CBB /* Cocoa.framework */; };
		32FFF49306E90A9F00E1D8A3 /* GLUT.framework in Frameworks */ = {isa = PBXBuildFile; fileRef = 32FFF49106E90A9F00E1D8A3 /* GLUT.framework */; };
		32FFF49406E90A9F00E1D8A3 /* OpenGL.framework in Frameworks */ = {isa = PBXBuildFile; fileRef = 32FFF49206E90A9F00E1D8A3 /* OpenGL.framework */; };
		32FFF58106E9CF3800E1D8A3 /* OpenSteer.icns in Resources */ = {isa = PBXBuildFile; fileRef = 32FFF58006E9CF3800E1D8A3 /* OpenSteer.icns */; };
		441067300B7BB59200B3A8B5 /* OpenSteerDemo-Info.plist in Resources */ = {isa = PBXBuildFile; fileRef = 8D1107310486CEB800E47090 /* OpenSteerDemo-Info.plist */; };
		4425B2FC0B7B59D80067899D /* main.cpp in Sources */ = {isa = PBXBuildFile; fileRef = 32FFF54906E9CEBD00E1D8A3 /* main.cpp */; };
		4425B2FD0B7B59D80067899D /* OpenSteerDemo.cpp in Sources */ = {isa = PBXBuildFile; fileRef = 84AD12B1070E224000559513 /* OpenSteerDemo.cpp */; };
		4425B2FE0B7B5A1E0067899D /* Boids.cpp in Sources */ = {isa = PBXBuildFile; fileRef = 32FFF56406E9CECE00E1D8A3 /* Boids.cpp */; };
		4425B2FF0B7B5A1E0067899D /* CaptureTheFlag.cpp in Sources */ = {isa = PBXBuildFile; fileRef = 32FFF56506E9CECE00E1D8A3 /* CaptureTheFlag.cpp */; };
		4425B3000B7B5A1E0067899D /* LowSpeedTurn.cpp in Sources */ = {isa = PBXBuildFile; fileRef = 32FFF56606E9CECE00E1D8A3 /* LowSpeedTurn.cpp */; };
		4425B3010B7B5A1E0067899D /* MapDrive.cpp in Sources */ = {isa = PBXBuildFile; fileRef = 32FFF56706E9CECE00E1D8A3 /* MapDrive.cpp */; };
		4425B3020B7B5A1E0067899D /* MultiplePursuit.cpp in Sources */ = {isa = PBXBuildFile; fileRef = 32FFF56806E9CECE00E1D8A3 /* MultiplePursuit.cpp */; };
		4425B3030B7B5A1E0067899D /* OneTurning.cpp in Sources */ = {isa = PBXBuildFile; fileRef = 32FFF56906E9CECE00E1D8A3 /* OneTurning.cpp */; };
		4425B3040B7B5A1E0067899D /* Pedestrian.cpp in Sources */ = {isa = PBXBuildFile; fileRef = 32FFF56A06E9CECE00E1D8A3 /* Pedestrian.cpp */; };
		4425B3050B7B5A1E0067899D /* Soccer.cpp in Sources */ = {isa = PBXBuildFile; fileRef = 32FFF56B06E9CECE00E1D8A3 /* Soccer.cpp */; };
		4425B3EE0B7B676F0067899D /* AbstractVehicle.h in Headers */ = {isa = PBXBuildFile; fileRef = 32FFF52406E9CEA700E1D8A3 /* AbstractVehicle.h */; settings = {ATTRIBUTES = (Public, ); }; };
		4425B3EF0B7B676F0067899D /* Annotation.h in Headers */ = {isa = PBXBuildFile; fileRef = 32FFF52506E9CEA700E1D8A3 /* Annotation.h */; settings = {ATTRIBUTES = (Public, ); }; };
		4425B3F00B7B676F0067899D /* Clock.h in Headers */ = {isa = PBXBuildFile; fileRef = 32FFF52706E9CEA700E1D8A3 /* Clock.h */; settings = {ATTRIBUTES = (Public, ); }; };
		4425B3F10B7B676F0067899D /* Color.h in Headers */ = {isa = PBXBuildFile; fileRef = 324DA5F6082ABE43000F3779 /* Color.h */; settings = {ATTRIBUTES = (Public, ); }; };
		4425B3F20B7B676F0067899D /* LocalSpace.h in Headers */ = {isa = PBXBuildFile; fileRef = 32FFF52906E9CEA700E1D8A3 /* LocalSpace.h */; settings = {ATTRIBUTES = (Public, ); }; };
		4425B3F30B7B676F0067899D /* lq.h in Headers */ = {isa = PBXBuildFile; fileRef = 32FFF52A06E9CEA700E1D8A3 /* lq.h */; settings = {ATTRIBUTES = (Public, ); }; };
		4425B3F40B7B676F0067899D /* Obstacle.h in Headers */ = {isa = PBXBuildFile; fileRef = 32FFF52B06E9CEA700E1D8A3 /* Obstacle.h */; settings = {ATTRIBUTES = (Public, ); }; };
		4425B3F50B7B676F0067899D /* OldPathway.h in Headers */ = {isa = PBXBuildFile; fileRef = 32FFF52C06E9CEA700E1D8A3 /* OldPathway.h */; settings = {ATTRIBUTES = (Public, ); }; };
		4425B3F60B7B676F0067899D /* Path.h in Headers */ = {isa = PBXBuildFile; fileRef = 3224E4F40844AC1700C13D97 /* Path.h */; settings = {ATTRIBUTES = (Public, ); }; };
		4425B3F70B7B676F0067899D /* Pathway.h in Headers */ = {isa = PBXBuildFile; fileRef = 32ECFE4C08336C8C00E5E444 /* Pathway.h */; settings = {ATTRIBUTES = (Public, ); }; };
		4425B3F80B7B676F0067899D /* PlugIn.h in Headers */ = {isa = PBXBuildFile; fileRef = 32FFF52D06E9CEA700E1D8A3 /* PlugIn.h */; settings = {ATTRIBUTES = (Public, ); }; };
		4425B3F90B7B676F0067899D /* PolylineSegmentedPath.h in Headers */ = {isa = PBXBuildFile; fileRef = 3224E4F50844AC3B00C13D97 /* PolylineSegmentedPath.h */; settings = {ATTRIBUTES = (Public, ); }; };
		4425B3FA0B7B676F0067899D /* PolylineSegmentedPathwaySegmentRadii.h in Headers */ = {isa = PBXBuildFile; fileRef = 3224E4F70844ACA200C13D97 /* PolylineSegmentedPathwaySegmentRadii.h */; settings = {ATTRIBUTES = (Public, ); }; };
		4425B3FB0B7B676F0067899D /* PolylineSegmentedPathwaySingleRadius.h in Headers */ = {isa = PBXBuildFile; fileRef = 3224E4F60844AC8700C13D97 /* PolylineSegmentedPathwaySingleRadius.h */; settings = {ATTRIBUTES = (Public, ); }; };
		4425B3FC0B7B676F0067899D /* Proximity.h in Headers */ = {isa = PBXBuildFile; fileRef = 32FFF52E06E9CEA700E1D8A3 /* Proximity.h */; settings = {ATTRIBUTES = (Public, ); }; };
		4425B3FD0B7B676F0067899D /* QueryPathAlike.h in Headers */ = {isa = PBXBuildFile; fileRef = 3224E4F80844ACF800C13D97 /* QueryPathAlike.h */; settings = {ATTRIBUTES = (Public, ); }; };
		4425B3FE0B7B676F0067899D /* QueryPathAlikeBaseDataExtractionPolicies.h in Headers */ = {isa = PBXBuildFile; fileRef = 327C89DE085762AD00C14AE6 /* QueryPathAlikeBaseDataExtractionPolicies.h */; settings = {ATTRIBUTES = (Public, ); }; };
		4425B3FF0B7B676F0067899D /* QueryPathAlikeMappings.h in Headers */ = {isa = PBXBuildFile; fileRef = 3224E6600849C27400C13D97 /* QueryPathAlikeMappings.h */; settings = {ATTRIBUTES = (Public, ); }; };
		4425B4000B7B676F0067899D /* QueryPathAlikeUtilities.h in Headers */ = {isa = PBXBuildFile; fileRef = 3224E59508485F8A00C13D97 /* QueryPathAlikeUtilities.h */; settings = {ATTRIBUTES = (Public, ); }; };
		4425B4010B7B676F0067899D /* SegmentedPath.h in Headers */ = {isa = PBXBuildFile; fileRef = 3224E4F20844AB8E00C13D97 /* SegmentedPath.h */; settings = {ATTRIBUTES = (Public, ); }; };
		4425B4020B7B676F0067899D /* SegmentedPathAlikeUtilities.h in Headers */ = {isa = PBXBuildFile; fileRef = 3230C46B085066DD00CBB0D9 /* SegmentedPathAlikeUtilities.h */; settings = {ATTRIBUTES = (Public, ); }; };
		4425B4030B7B676F0067899D /* SegmentedPathway.h in Headers */ = {isa = PBXBuildFile; fileRef = 3224E4AC0844A32F00C13D97 /* SegmentedPathway.h */; settings = {ATTRIBUTES = (Public, ); }; };
		4425B4040B7B676F0067899D /* StandardTypes.h in Headers */ = {isa = PBXBuildFile; fileRef = 3224E4A50843657800C13D97 /* StandardTypes.h */; settings = {ATTRIBUTES = (Public, ); }; };
		4425B4050B7B676F0067899D /* SteerLibrary.h in Headers */ = {isa = PBXBuildFile; fileRef = 32FFF53006E9CEA700E1D8A3 /* SteerLibrary.h */; settings = {ATTRIBUTES = (Public, ); }; };
		4425B4060B7B676F0067899D /* UnusedParameter.h in Headers */ = {isa = PBXBuildFile; fileRef = 32ECF063082FC7FB00E5E444 /* UnusedParameter.h */; settings = {ATTRIBUTES = (Public, ); }; };
		4425B4070B7B676F0067899D /* Utilities.h in Headers */ = {isa = PBXBuildFile; fileRef = 32FFF53206E9CEA700E1D8A3 /* Utilities.h */; settings = {ATTRIBUTES = (Public, ); }; };
		4425B4080B7B676F0067899D /* Vec3.h in Headers */ = {isa = PBXBuildFile; fileRef = 32FFF53306E9CEA700E1D8A3 /* Vec3.h */; settings = {ATTRIBUTES = (Public, ); }; };
		4425B4090B7B676F0067899D /* Vec3Utilities.h in Headers */ = {isa = PBXBuildFile; fileRef = 32ECFEAA0833893500E5E444 /* Vec3Utilities.h */; settings = {ATTRIBUTES = (Public, ); }; };
		4425B40B0B7B678E0067899D /* SharedPointer.h in Headers */ = {isa = PBXBuildFile; fileRef = 4425B40A0B7B678E0067899D /* SharedPointer.h */; settings = {ATTRIBUTES = (Public, ); }; };
		4425B40C0B7B67D20067899D /* Clock.cpp in Sources */ = {isa = PBXBuildFile; fileRef = 32FFF54606E9CEBD00E1D8A3 /* Clock.cpp */; };
		4425B40D0B7B67D20067899D /* Color.cpp in Sources */ = {isa = PBXBuildFile; fileRef = 324DA5EE082ABDD8000F3779 /* Color.cpp */; };
		4425B40E0B7B67D20067899D /* lq.c in Sources */ = {isa = PBXBuildFile; fileRef = 32FFF54806E9CEBD00E1D8A3 /* lq.c */; };
		4425B40F0B7B67D20067899D /* Obstacle.cpp in Sources */ = {isa = PBXBuildFile; fileRef = 841E3BFC0736BF4400E3AD2C /* Obstacle.cpp */; };
		4425B4100B7B67D20067899D /* OldPathway.cpp in Sources */ = {isa = PBXBuildFile; fileRef = 327C7F2D0857205D00C14AE6 /* OldPathway.cpp */; };
		4425B4110B7B67D20067899D /* Path.cpp in Sources */ = {isa = PBXBuildFile; fileRef = 3224E4FB0844B13C00C13D97 /* Path.cpp */; };
		4425B4120B7B67D20067899D /* Pathway.cpp in Sources */ = {isa = PBXBuildFile; fileRef = 3224E5010844B17700C13D97 /* Pathway.cpp */; };
		4425B4130B7B67D20067899D /* PlugIn.cpp in Sources */ = {isa = PBXBuildFile; fileRef = 32FFF54B06E9CEBD00E1D8A3 /* PlugIn.cpp */; };
		4425B4140B7B67D20067899D /* PolylineSegmentedPath.cpp in Sources */ = {isa = PBXBuildFile; fileRef = 3224E4FF0844B16200C13D97 /* PolylineSegmentedPath.cpp */; };
		4425B4150B7B67D20067899D /* PolylineSegmentedPathwaySegmentRadii.cpp in Sources */ = {isa = PBXBuildFile; fileRef = 3224E5070844B1B800C13D97 /* PolylineSegmentedPathwaySegmentRadii.cpp */; };
		4425B4160B7B67D20067899D /* PolylineSegmentedPathwaySingleRadius.cpp in Sources */ = {isa = PBXBuildFile; fileRef = 3224E5050844B1A500C13D97 /* PolylineSegmentedPathwaySingleRadius.cpp */; };
		4425B4170B7B67D20067899D /* SegmentedPath.cpp in Sources */ = {isa = PBXBuildFile; fileRef = 3224E4FD0844B15200C13D97 /* SegmentedPath.cpp */; };
		4425B4180B7B67D20067899D /* SegmentedPathway.cpp in Sources */ = {isa = PBXBuildFile; fileRef = 3224E5030844B18600C13D97 /* SegmentedPathway.cpp */; };
		4425B4190B7B67D20067899D /* Vec3.cpp in Sources */ = {isa = PBXBuildFile; fileRef = 32FFF54E06E9CEBD00E1D8A3 /* Vec3.cpp */; };
		4425B41A0B7B67D20067899D /* Vec3Utilities.cpp in Sources */ = {isa = PBXBuildFile; fileRef = 32ECFEAF083389F000E5E444 /* Vec3Utilities.cpp */; };
		4425B41F0B7B681A0067899D /* OpenSteer.framework in Frameworks */ = {isa = PBXBuildFile; fileRef = 4425B3E60B7B61DB0067899D /* OpenSteer.framework */; };
		4425B4430B7B6AF90067899D /* SimpleVehicle.cpp in Sources */ = {isa = PBXBuildFile; fileRef = 32FFF54C06E9CEBD00E1D8A3 /* SimpleVehicle.cpp */; };
		4425B44A0B7B6B460067899D /* Camera.cpp in Sources */ = {isa = PBXBuildFile; fileRef = 32FFF54506E9CEBD00E1D8A3 /* Camera.cpp */; };
		4425B44F0B7B6B9C0067899D /* Draw.cpp in Sources */ = {isa = PBXBuildFile; fileRef = 32FFF54706E9CEBD00E1D8A3 /* Draw.cpp */; };
		4425B45F0B7B71DF0067899D /* OpenSteer.framework in Frameworks */ = {isa = PBXBuildFile; fileRef = 4425B3E60B7B61DB0067899D /* OpenSteer.framework */; };
		4425B47F0B7B76740067899D /* PolylineSegmentedPathTest.cpp in Sources */ = {isa = PBXBuildFile; fileRef = 4425B47B0B7B76740067899D /* PolylineSegmentedPathTest.cpp */; };
		4425B4800B7B76740067899D /* PolylineSegmentedPathwaySingleRadiusTest.cpp in Sources */ = {isa = PBXBuildFile; fileRef = 4425B47C0B7B76740067899D /* PolylineSegmentedPathwaySingleRadiusTest.cpp */; };
		4425B4810B7B76740067899D /* SharedPointerTest.cpp in Sources */ = {isa = PBXBuildFile; fileRef = 4425B47D0B7B76740067899D /* SharedPointerTest.cpp */; };
		4425B4820B7B76740067899D /* TestMain.cpp in Sources */ = {isa = PBXBuildFile; fileRef = 4425B47E0B7B76740067899D /* TestMain.cpp */; };
		48B770E90D57A418000A3B97 /* Ogre.framework in Frameworks */ = {isa = PBXBuildFile; fileRef = 483999EB0D5495EE00B27496 /* Ogre.framework */; };
		48B770EA0D57A41B000A3B97 /* Ogre.framework in Frameworks */ = {isa = PBXBuildFile; fileRef = 483999EB0D5495EE00B27496 /* Ogre.framework */; };
		8D11072A0486CEB800E47090 /* MainMenu.nib in Resources */ = {isa = PBXBuildFile; fileRef = 29B97318FDCFA39411CA2CEA /* MainMenu.nib */; };
		8D11072B0486CEB800E47090 /* InfoPlist.strings in Resources */ = {isa = PBXBuildFile; fileRef = 089C165CFE840E0CC02AAC07 /* InfoPlist.strings */; };
/* End PBXBuildFile section */

/* Begin PBXFileReference section */
		089C165DFE840E0CC02AAC07 /* English */ = {isa = PBXFileReference; fileEncoding = 10; lastKnownFileType = text.plist.strings; name = English; path = English.lproj/InfoPlist.strings; sourceTree = "<group>"; };
		1058C7A1FEA54F0111CA2CBB /* Cocoa.framework */ = {isa = PBXFileReference; lastKnownFileType = wrapper.framework; name = Cocoa.framework; path = /System/Library/Frameworks/Cocoa.framework; sourceTree = "<absolute>"; };
		29B97319FDCFA39411CA2CEA /* English */ = {isa = PBXFileReference; lastKnownFileType = wrapper.nib; name = English; path = English.lproj/MainMenu.nib; sourceTree = "<group>"; };
		3224E47608435BCC00C13D97 /* UnitTest */ = {isa = PBXFileReference; explicitFileType = "compiled.mach-o.executable"; includeInIndex = 0; path = UnitTest; sourceTree = BUILT_PRODUCTS_DIR; };
		3224E47808435D8C00C13D97 /* libcppunit-1.10.2.0.0.dylib */ = {isa = PBXFileReference; explicitFileType = "compiled.mach-o.dylib"; name = "libcppunit-1.10.2.0.0.dylib"; path = "../../libcppunit-1.10.2.0.0.dylib"; sourceTree = SOURCE_ROOT; };
		3224E4A50843657800C13D97 /* StandardTypes.h */ = {isa = PBXFileReference; fileEncoding = 4; lastKnownFileType = sourcecode.c.h; path = StandardTypes.h; sourceTree = "<group>"; };
		3224E4AC0844A32F00C13D97 /* SegmentedPathway.h */ = {isa = PBXFileReference; fileEncoding = 4; lastKnownFileType = sourcecode.c.h; path = SegmentedPathway.h; sourceTree = "<group>"; };
		3224E4F20844AB8E00C13D97 /* SegmentedPath.h */ = {isa = PBXFileReference; fileEncoding = 4; lastKnownFileType = sourcecode.c.h; path = SegmentedPath.h; sourceTree = "<group>"; };
		3224E4F40844AC1700C13D97 /* Path.h */ = {isa = PBXFileReference; fileEncoding = 4; lastKnownFileType = sourcecode.c.h; path = Path.h; sourceTree = "<group>"; };
		3224E4F50844AC3B00C13D97 /* PolylineSegmentedPath.h */ = {isa = PBXFileReference; fileEncoding = 4; lastKnownFileType = sourcecode.c.h; path = PolylineSegmentedPath.h; sourceTree = "<group>"; };
		3224E4F60844AC8700C13D97 /* PolylineSegmentedPathwaySingleRadius.h */ = {isa = PBXFileReference; fileEncoding = 4; lastKnownFileType = sourcecode.c.h; path = PolylineSegmentedPathwaySingleRadius.h; sourceTree = "<group>"; };
		3224E4F70844ACA200C13D97 /* PolylineSegmentedPathwaySegmentRadii.h */ = {isa = PBXFileReference; fileEncoding = 4; lastKnownFileType = sourcecode.c.h; path = PolylineSegmentedPathwaySegmentRadii.h; sourceTree = "<group>"; };
		3224E4F80844ACF800C13D97 /* QueryPathAlike.h */ = {isa = PBXFileReference; fileEncoding = 4; lastKnownFileType = sourcecode.c.h; path = QueryPathAlike.h; sourceTree = "<group>"; };
		3224E4FB0844B13C00C13D97 /* Path.cpp */ = {isa = PBXFileReference; fileEncoding = 4; lastKnownFileType = sourcecode.cpp.cpp; path = Path.cpp; sourceTree = "<group>"; };
		3224E4FD0844B15200C13D97 /* SegmentedPath.cpp */ = {isa = PBXFileReference; fileEncoding = 4; lastKnownFileType = sourcecode.cpp.cpp; path = SegmentedPath.cpp; sourceTree = "<group>"; };
		3224E4FF0844B16200C13D97 /* PolylineSegmentedPath.cpp */ = {isa = PBXFileReference; fileEncoding = 4; lastKnownFileType = sourcecode.cpp.cpp; path = PolylineSegmentedPath.cpp; sourceTree = "<group>"; };
		3224E5010844B17700C13D97 /* Pathway.cpp */ = {isa = PBXFileReference; fileEncoding = 4; lastKnownFileType = sourcecode.cpp.cpp; path = Pathway.cpp; sourceTree = "<group>"; };
		3224E5030844B18600C13D97 /* SegmentedPathway.cpp */ = {isa = PBXFileReference; fileEncoding = 4; lastKnownFileType = sourcecode.cpp.cpp; path = SegmentedPathway.cpp; sourceTree = "<group>"; };
		3224E5050844B1A500C13D97 /* PolylineSegmentedPathwaySingleRadius.cpp */ = {isa = PBXFileReference; fileEncoding = 4; lastKnownFileType = sourcecode.cpp.cpp; path = PolylineSegmentedPathwaySingleRadius.cpp; sourceTree = "<group>"; };
		3224E5070844B1B800C13D97 /* PolylineSegmentedPathwaySegmentRadii.cpp */ = {isa = PBXFileReference; fileEncoding = 4; lastKnownFileType = sourcecode.cpp.cpp; path = PolylineSegmentedPathwaySegmentRadii.cpp; sourceTree = "<group>"; };
		3224E59508485F8A00C13D97 /* QueryPathAlikeUtilities.h */ = {isa = PBXFileReference; fileEncoding = 4; lastKnownFileType = sourcecode.c.h; path = QueryPathAlikeUtilities.h; sourceTree = "<group>"; };
		3224E6600849C27400C13D97 /* QueryPathAlikeMappings.h */ = {isa = PBXFileReference; fileEncoding = 4; lastKnownFileType = sourcecode.c.h; path = QueryPathAlikeMappings.h; sourceTree = "<group>"; };
		3230C46B085066DD00CBB0D9 /* SegmentedPathAlikeUtilities.h */ = {isa = PBXFileReference; fileEncoding = 4; lastKnownFileType = sourcecode.c.h; path = SegmentedPathAlikeUtilities.h; sourceTree = "<group>"; };
		324386DA07293A2200B6EBA6 /* Draw.h */ = {isa = PBXFileReference; fileEncoding = 30; lastKnownFileType = sourcecode.c.h; path = Draw.h; sourceTree = "<group>"; };
		3248EFBB06F0A6380069A576 /* README_CVS_WITH_XCODE.txt */ = {isa = PBXFileReference; fileEncoding = 4; lastKnownFileType = text; path = README_CVS_WITH_XCODE.txt; sourceTree = "<group>"; };
		324DA5EE082ABDD8000F3779 /* Color.cpp */ = {isa = PBXFileReference; fileEncoding = 4; lastKnownFileType = sourcecode.cpp.cpp; path = Color.cpp; sourceTree = "<group>"; };
		324DA5F6082ABE43000F3779 /* Color.h */ = {isa = PBXFileReference; fileEncoding = 4; lastKnownFileType = sourcecode.c.h; path = Color.h; sourceTree = "<group>"; };
		327C7F2D0857205D00C14AE6 /* OldPathway.cpp */ = {isa = PBXFileReference; fileEncoding = 30; lastKnownFileType = sourcecode.cpp.cpp; path = OldPathway.cpp; sourceTree = "<group>"; };
		327C89DE085762AD00C14AE6 /* QueryPathAlikeBaseDataExtractionPolicies.h */ = {isa = PBXFileReference; fileEncoding = 4; lastKnownFileType = sourcecode.c.h; path = QueryPathAlikeBaseDataExtractionPolicies.h; sourceTree = "<group>"; };
		32C150890765ABE000A8BC25 /* TerrainRayTest.cpp */ = {isa = PBXFileReference; fileEncoding = 30; lastKnownFileType = sourcecode.cpp.cpp; path = TerrainRayTest.cpp; sourceTree = "<group>"; };
		32C1508A0765ABE000A8BC25 /* TerrainRayTest.h */ = {isa = PBXFileReference; fileEncoding = 30; lastKnownFileType = sourcecode.c.h; path = TerrainRayTest.h; sourceTree = "<group>"; };
		32ECF063082FC7FB00E5E444 /* UnusedParameter.h */ = {isa = PBXFileReference; fileEncoding = 4; lastKnownFileType = sourcecode.c.h; path = UnusedParameter.h; sourceTree = "<group>"; };
		32ECFE4C08336C8C00E5E444 /* Pathway.h */ = {isa = PBXFileReference; fileEncoding = 4; lastKnownFileType = sourcecode.c.h; path = Pathway.h; sourceTree = "<group>"; };
		32ECFEAA0833893500E5E444 /* Vec3Utilities.h */ = {isa = PBXFileReference; fileEncoding = 4; lastKnownFileType = sourcecode.c.h; path = Vec3Utilities.h; sourceTree = "<group>"; };
		32ECFEAF083389F000E5E444 /* Vec3Utilities.cpp */ = {isa = PBXFileReference; fileEncoding = 4; lastKnownFileType = sourcecode.cpp.cpp; path = Vec3Utilities.cpp; sourceTree = "<group>"; };
		32FFF49106E90A9F00E1D8A3 /* GLUT.framework */ = {isa = PBXFileReference; lastKnownFileType = wrapper.framework; name = GLUT.framework; path = /System/Library/Frameworks/GLUT.framework; sourceTree = "<absolute>"; };
		32FFF49206E90A9F00E1D8A3 /* OpenGL.framework */ = {isa = PBXFileReference; lastKnownFileType = wrapper.framework; name = OpenGL.framework; path = /System/Library/Frameworks/OpenGL.framework; sourceTree = "<absolute>"; };
		32FFF52406E9CEA700E1D8A3 /* AbstractVehicle.h */ = {isa = PBXFileReference; fileEncoding = 30; lastKnownFileType = sourcecode.c.h; path = AbstractVehicle.h; sourceTree = "<group>"; };
		32FFF52506E9CEA700E1D8A3 /* Annotation.h */ = {isa = PBXFileReference; fileEncoding = 30; lastKnownFileType = sourcecode.c.h; path = Annotation.h; sourceTree = "<group>"; };
		32FFF52606E9CEA700E1D8A3 /* Camera.h */ = {isa = PBXFileReference; fileEncoding = 30; lastKnownFileType = sourcecode.c.h; path = Camera.h; sourceTree = "<group>"; };
		32FFF52706E9CEA700E1D8A3 /* Clock.h */ = {isa = PBXFileReference; fileEncoding = 30; lastKnownFileType = sourcecode.c.h; path = Clock.h; sourceTree = "<group>"; };
		32FFF52906E9CEA700E1D8A3 /* LocalSpace.h */ = {isa = PBXFileReference; fileEncoding = 30; lastKnownFileType = sourcecode.c.h; path = LocalSpace.h; sourceTree = "<group>"; };
		32FFF52A06E9CEA700E1D8A3 /* lq.h */ = {isa = PBXFileReference; fileEncoding = 30; lastKnownFileType = sourcecode.c.h; path = lq.h; sourceTree = "<group>"; };
		32FFF52B06E9CEA700E1D8A3 /* Obstacle.h */ = {isa = PBXFileReference; fileEncoding = 30; lastKnownFileType = sourcecode.c.h; path = Obstacle.h; sourceTree = "<group>"; };
		32FFF52C06E9CEA700E1D8A3 /* OldPathway.h */ = {isa = PBXFileReference; fileEncoding = 30; lastKnownFileType = sourcecode.c.h; path = OldPathway.h; sourceTree = "<group>"; };
		32FFF52D06E9CEA700E1D8A3 /* PlugIn.h */ = {isa = PBXFileReference; fileEncoding = 30; lastKnownFileType = sourcecode.c.h; path = PlugIn.h; sourceTree = "<group>"; };
		32FFF52E06E9CEA700E1D8A3 /* Proximity.h */ = {isa = PBXFileReference; fileEncoding = 30; lastKnownFileType = sourcecode.c.h; path = Proximity.h; sourceTree = "<group>"; };
		32FFF52F06E9CEA700E1D8A3 /* SimpleVehicle.h */ = {isa = PBXFileReference; fileEncoding = 30; lastKnownFileType = sourcecode.c.h; path = SimpleVehicle.h; sourceTree = "<group>"; };
		32FFF53006E9CEA700E1D8A3 /* SteerLibrary.h */ = {isa = PBXFileReference; fileEncoding = 30; lastKnownFileType = sourcecode.c.h; path = SteerLibrary.h; sourceTree = "<group>"; };
		32FFF53206E9CEA700E1D8A3 /* Utilities.h */ = {isa = PBXFileReference; fileEncoding = 30; lastKnownFileType = sourcecode.c.h; path = Utilities.h; sourceTree = "<group>"; };
		32FFF53306E9CEA700E1D8A3 /* Vec3.h */ = {isa = PBXFileReference; fileEncoding = 30; lastKnownFileType = sourcecode.c.h; path = Vec3.h; sourceTree = "<group>"; };
		32FFF54506E9CEBD00E1D8A3 /* Camera.cpp */ = {isa = PBXFileReference; fileEncoding = 30; lastKnownFileType = sourcecode.cpp.cpp; path = Camera.cpp; sourceTree = "<group>"; };
		32FFF54606E9CEBD00E1D8A3 /* Clock.cpp */ = {isa = PBXFileReference; fileEncoding = 30; lastKnownFileType = sourcecode.cpp.cpp; path = Clock.cpp; sourceTree = "<group>"; };
		32FFF54706E9CEBD00E1D8A3 /* Draw.cpp */ = {isa = PBXFileReference; fileEncoding = 30; lastKnownFileType = sourcecode.cpp.cpp; path = Draw.cpp; sourceTree = "<group>"; };
		32FFF54806E9CEBD00E1D8A3 /* lq.c */ = {isa = PBXFileReference; fileEncoding = 30; lastKnownFileType = sourcecode.c.c; path = lq.c; sourceTree = "<group>"; };
		32FFF54906E9CEBD00E1D8A3 /* main.cpp */ = {isa = PBXFileReference; fileEncoding = 30; lastKnownFileType = sourcecode.cpp.cpp; path = main.cpp; sourceTree = "<group>"; };
		32FFF54B06E9CEBD00E1D8A3 /* PlugIn.cpp */ = {isa = PBXFileReference; fileEncoding = 30; lastKnownFileType = sourcecode.cpp.cpp; path = PlugIn.cpp; sourceTree = "<group>"; };
		32FFF54C06E9CEBD00E1D8A3 /* SimpleVehicle.cpp */ = {isa = PBXFileReference; fileEncoding = 30; lastKnownFileType = sourcecode.cpp.cpp; path = SimpleVehicle.cpp; sourceTree = "<group>"; };
		32FFF54E06E9CEBD00E1D8A3 /* Vec3.cpp */ = {isa = PBXFileReference; fileEncoding = 30; lastKnownFileType = sourcecode.cpp.cpp; path = Vec3.cpp; sourceTree = "<group>"; };
		32FFF56406E9CECE00E1D8A3 /* Boids.cpp */ = {isa = PBXFileReference; fileEncoding = 30; lastKnownFileType = sourcecode.cpp.cpp; path = Boids.cpp; sourceTree = "<group>"; };
		32FFF56506E9CECE00E1D8A3 /* CaptureTheFlag.cpp */ = {isa = PBXFileReference; fileEncoding = 30; lastKnownFileType = sourcecode.cpp.cpp; path = CaptureTheFlag.cpp; sourceTree = "<group>"; };
		32FFF56606E9CECE00E1D8A3 /* LowSpeedTurn.cpp */ = {isa = PBXFileReference; fileEncoding = 30; lastKnownFileType = sourcecode.cpp.cpp; path = LowSpeedTurn.cpp; sourceTree = "<group>"; };
		32FFF56706E9CECE00E1D8A3 /* MapDrive.cpp */ = {isa = PBXFileReference; fileEncoding = 30; lastKnownFileType = sourcecode.cpp.cpp; path = MapDrive.cpp; sourceTree = "<group>"; };
		32FFF56806E9CECE00E1D8A3 /* MultiplePursuit.cpp */ = {isa = PBXFileReference; fileEncoding = 30; lastKnownFileType = sourcecode.cpp.cpp; path = MultiplePursuit.cpp; sourceTree = "<group>"; };
		32FFF56906E9CECE00E1D8A3 /* OneTurning.cpp */ = {isa = PBXFileReference; fileEncoding = 30; lastKnownFileType = sourcecode.cpp.cpp; path = OneTurning.cpp; sourceTree = "<group>"; };
		32FFF56A06E9CECE00E1D8A3 /* Pedestrian.cpp */ = {isa = PBXFileReference; fileEncoding = 30; lastKnownFileType = sourcecode.cpp.cpp; path = Pedestrian.cpp; sourceTree = "<group>"; };
		32FFF56B06E9CECE00E1D8A3 /* Soccer.cpp */ = {isa = PBXFileReference; fileEncoding = 30; lastKnownFileType = sourcecode.cpp.cpp; path = Soccer.cpp; sourceTree = "<group>"; };
		32FFF58006E9CF3800E1D8A3 /* OpenSteer.icns */ = {isa = PBXFileReference; lastKnownFileType = image.icns; path = OpenSteer.icns; sourceTree = "<group>"; };
		4425B3E60B7B61DB0067899D /* OpenSteer.framework */ = {isa = PBXFileReference; explicitFileType = wrapper.framework; includeInIndex = 0; path = OpenSteer.framework; sourceTree = BUILT_PRODUCTS_DIR; };
		4425B3E70B7B61DB0067899D /* Info.plist */ = {isa = PBXFileReference; lastKnownFileType = text.xml; path = Info.plist; sourceTree = "<group>"; };
		4425B40A0B7B678E0067899D /* SharedPointer.h */ = {isa = PBXFileReference; fileEncoding = 4; lastKnownFileType = sourcecode.c.h; path = SharedPointer.h; sourceTree = "<group>"; };
		4425B41C0B7B67F90067899D /* Carbon.framework */ = {isa = PBXFileReference; lastKnownFileType = wrapper.framework; name = Carbon.framework; path = /System/Library/Frameworks/Carbon.framework; sourceTree = "<absolute>"; };
		4425B47B0B7B76740067899D /* PolylineSegmentedPathTest.cpp */ = {isa = PBXFileReference; fileEncoding = 4; lastKnownFileType = sourcecode.cpp.cpp; name = PolylineSegmentedPathTest.cpp; path = ../test/PolylineSegmentedPathTest.cpp; sourceTree = SOURCE_ROOT; };
		4425B47C0B7B76740067899D /* PolylineSegmentedPathwaySingleRadiusTest.cpp */ = {isa = PBXFileReference; fileEncoding = 4; lastKnownFileType = sourcecode.cpp.cpp; name = PolylineSegmentedPathwaySingleRadiusTest.cpp; path = ../test/PolylineSegmentedPathwaySingleRadiusTest.cpp; sourceTree = SOURCE_ROOT; };
		4425B47D0B7B76740067899D /* SharedPointerTest.cpp */ = {isa = PBXFileReference; fileEncoding = 4; lastKnownFileType = sourcecode.cpp.cpp; name = SharedPointerTest.cpp; path = ../test/SharedPointerTest.cpp; sourceTree = SOURCE_ROOT; };
		4425B47E0B7B76740067899D /* TestMain.cpp */ = {isa = PBXFileReference; fileEncoding = 4; lastKnownFileType = sourcecode.cpp.cpp; name = TestMain.cpp; path = ../test/TestMain.cpp; sourceTree = SOURCE_ROOT; };
		483999EB0D5495EE00B27496 /* Ogre.framework */ = {isa = PBXFileReference; lastKnownFileType = wrapper.framework; name = Ogre.framework; path = /Library/Frameworks/Ogre.framework; sourceTree = "<absolute>"; };
		841E3BFC0736BF4400E3AD2C /* Obstacle.cpp */ = {isa = PBXFileReference; fileEncoding = 30; lastKnownFileType = sourcecode.cpp.cpp; path = Obstacle.cpp; sourceTree = "<group>"; };
		84AD12AD070E221100559513 /* OpenSteerDemo.h */ = {isa = PBXFileReference; fileEncoding = 30; lastKnownFileType = sourcecode.c.h; path = OpenSteerDemo.h; sourceTree = "<group>"; };
		84AD12B1070E224000559513 /* OpenSteerDemo.cpp */ = {isa = PBXFileReference; fileEncoding = 30; lastKnownFileType = sourcecode.cpp.cpp; path = OpenSteerDemo.cpp; sourceTree = "<group>"; };
		8D1107310486CEB800E47090 /* OpenSteerDemo-Info.plist */ = {isa = PBXFileReference; fileEncoding = 4; lastKnownFileType = text.xml; path = "OpenSteerDemo-Info.plist"; sourceTree = "<group>"; };
		8D1107320486CEB800E47090 /* OpenSteerDemo.app */ = {isa = PBXFileReference; explicitFileType = wrapper.application; includeInIndex = 0; path = OpenSteerDemo.app; sourceTree = BUILT_PRODUCTS_DIR; };
/* End PBXFileReference section */

/* Begin PBXFrameworksBuildPhase section */
		3224E47408435BCC00C13D97 /* Frameworks */ = {
			isa = PBXFrameworksBuildPhase;
			buildActionMask = 2147483647;
			files = (
				4425B45F0B7B71DF0067899D /* OpenSteer.framework in Frameworks */,
				3224E47908435D8C00C13D97 /* libcppunit-1.10.2.0.0.dylib in Frameworks */,
				3230C0C4084DBBA100CBB0D9 /* OpenGL.framework in Frameworks */,
				3230C0C5084DBBA100CBB0D9 /* GLUT.framework in Frameworks */,
				3230C0C6084DBBA500CBB0D9 /* Cocoa.framework in Frameworks */,
			);
			runOnlyForDeploymentPostprocessing = 0;
		};
		48B770DF0D57A377000A3B97 /* Frameworks */ = {
			isa = PBXFrameworksBuildPhase;
			buildActionMask = 2147483647;
			files = (
				48B770E90D57A418000A3B97 /* Ogre.framework in Frameworks */,
			);
			runOnlyForDeploymentPostprocessing = 0;
		};
		8D11072E0486CEB800E47090 /* Frameworks */ = {
			isa = PBXFrameworksBuildPhase;
			buildActionMask = 2147483647;
			files = (
				4425B41F0B7B681A0067899D /* OpenSteer.framework in Frameworks */,
				32FFF49306E90A9F00E1D8A3 /* GLUT.framework in Frameworks */,
				32FFF49406E90A9F00E1D8A3 /* OpenGL.framework in Frameworks */,
				48B770EA0D57A41B000A3B97 /* Ogre.framework in Frameworks */,
			);
			runOnlyForDeploymentPostprocessing = 0;
		};
/* End PBXFrameworksBuildPhase section */

/* Begin PBXGroup section */
		19C28FACFE9D520D11CA2CBB /* Products */ = {
			isa = PBXGroup;
			children = (
				8D1107320486CEB800E47090 /* OpenSteerDemo.app */,
				3224E47608435BCC00C13D97 /* UnitTest */,
				4425B3E60B7B61DB0067899D /* OpenSteer.framework */,
			);
			name = Products;
			sourceTree = "<group>";
		};
		29B97314FDCFA39411CA2CEA /* opensteer */ = {
			isa = PBXGroup;
			children = (
				32FFF59206EB3F9A00E1D8A3 /* Documents */,
				84FACBA506EFC297000A998A /* Source Code */,
				29B97317FDCFA39411CA2CEA /* Resources */,
				29B97323FDCFA39411CA2CEA /* Frameworks */,
				19C28FACFE9D520D11CA2CBB /* Products */,
				8D1107310486CEB800E47090 /* OpenSteerDemo-Info.plist */,
			);
			comments = "Set USE_HEADERMAP to no to disable header caching that leads to problems with the Math.h header. Mac OS X file system isn't case sensitive and in this case the header gets cached and is included by cmath - so the std c math.h declarations are missing...";
			name = opensteer;
			sourceTree = "<group>";
		};
		29B97317FDCFA39411CA2CEA /* Resources */ = {
			isa = PBXGroup;
			children = (
				4425B3E70B7B61DB0067899D /* Info.plist */,
				32FFF58006E9CF3800E1D8A3 /* OpenSteer.icns */,
				089C165CFE840E0CC02AAC07 /* InfoPlist.strings */,
				29B97318FDCFA39411CA2CEA /* MainMenu.nib */,
			);
			name = Resources;
			sourceTree = "<group>";
		};
		29B97323FDCFA39411CA2CEA /* Frameworks */ = {
			isa = PBXGroup;
			children = (
				483999EB0D5495EE00B27496 /* Ogre.framework */,
				4425B41C0B7B67F90067899D /* Carbon.framework */,
				3224E47808435D8C00C13D97 /* libcppunit-1.10.2.0.0.dylib */,
				32FFF49106E90A9F00E1D8A3 /* GLUT.framework */,
				32FFF49206E90A9F00E1D8A3 /* OpenGL.framework */,
				1058C7A1FEA54F0111CA2CBB /* Cocoa.framework */,
			);
			name = Frameworks;
			sourceTree = "<group>";
		};
		32FFF52206E9CEA700E1D8A3 /* include */ = {
			isa = PBXGroup;
			children = (
				32FFF52306E9CEA700E1D8A3 /* OpenSteer */,
			);
			name = include;
			path = ../include;
			sourceTree = "<group>";
		};
		32FFF52306E9CEA700E1D8A3 /* OpenSteer */ = {
			isa = PBXGroup;
			children = (
				4425B40A0B7B678E0067899D /* SharedPointer.h */,
				32FFF52406E9CEA700E1D8A3 /* AbstractVehicle.h */,
				32FFF52506E9CEA700E1D8A3 /* Annotation.h */,
				32FFF52606E9CEA700E1D8A3 /* Camera.h */,
				32FFF52706E9CEA700E1D8A3 /* Clock.h */,
				324386DA07293A2200B6EBA6 /* Draw.h */,
				32FFF52906E9CEA700E1D8A3 /* LocalSpace.h */,
				32FFF52A06E9CEA700E1D8A3 /* lq.h */,
				32FFF52B06E9CEA700E1D8A3 /* Obstacle.h */,
				84AD12AD070E221100559513 /* OpenSteerDemo.h */,
				327C89DE085762AD00C14AE6 /* QueryPathAlikeBaseDataExtractionPolicies.h */,
				3224E4F80844ACF800C13D97 /* QueryPathAlike.h */,
				3224E59508485F8A00C13D97 /* QueryPathAlikeUtilities.h */,
				3224E6600849C27400C13D97 /* QueryPathAlikeMappings.h */,
				3230C46B085066DD00CBB0D9 /* SegmentedPathAlikeUtilities.h */,
				3224E4F40844AC1700C13D97 /* Path.h */,
				3224E4F20844AB8E00C13D97 /* SegmentedPath.h */,
				3224E4F50844AC3B00C13D97 /* PolylineSegmentedPath.h */,
				32ECFE4C08336C8C00E5E444 /* Pathway.h */,
				3224E4AC0844A32F00C13D97 /* SegmentedPathway.h */,
				3224E4F60844AC8700C13D97 /* PolylineSegmentedPathwaySingleRadius.h */,
				3224E4F70844ACA200C13D97 /* PolylineSegmentedPathwaySegmentRadii.h */,
				32FFF52D06E9CEA700E1D8A3 /* PlugIn.h */,
				32FFF52E06E9CEA700E1D8A3 /* Proximity.h */,
				32FFF52F06E9CEA700E1D8A3 /* SimpleVehicle.h */,
				32FFF53006E9CEA700E1D8A3 /* SteerLibrary.h */,
				32FFF53206E9CEA700E1D8A3 /* Utilities.h */,
				32FFF53306E9CEA700E1D8A3 /* Vec3.h */,
				32ECFEAA0833893500E5E444 /* Vec3Utilities.h */,
				324DA5F6082ABE43000F3779 /* Color.h */,
				32ECF063082FC7FB00E5E444 /* UnusedParameter.h */,
				3224E4A50843657800C13D97 /* StandardTypes.h */,
				32FFF52C06E9CEA700E1D8A3 /* OldPathway.h */,
			);
			path = OpenSteer;
			sourceTree = "<group>";
		};
		32FFF54406E9CEBD00E1D8A3 /* src */ = {
			isa = PBXGroup;
			children = (
				32C150890765ABE000A8BC25 /* TerrainRayTest.cpp */,
				32C1508A0765ABE000A8BC25 /* TerrainRayTest.h */,
				32FFF54506E9CEBD00E1D8A3 /* Camera.cpp */,
				32FFF54606E9CEBD00E1D8A3 /* Clock.cpp */,
				32FFF54706E9CEBD00E1D8A3 /* Draw.cpp */,
				32FFF54806E9CEBD00E1D8A3 /* lq.c */,
				32FFF54906E9CEBD00E1D8A3 /* main.cpp */,
				841E3BFC0736BF4400E3AD2C /* Obstacle.cpp */,
				84AD12B1070E224000559513 /* OpenSteerDemo.cpp */,
				327C7F2D0857205D00C14AE6 /* OldPathway.cpp */,
				3224E4FB0844B13C00C13D97 /* Path.cpp */,
				3224E4FD0844B15200C13D97 /* SegmentedPath.cpp */,
				3224E4FF0844B16200C13D97 /* PolylineSegmentedPath.cpp */,
				3224E5010844B17700C13D97 /* Pathway.cpp */,
				3224E5030844B18600C13D97 /* SegmentedPathway.cpp */,
				3224E5050844B1A500C13D97 /* PolylineSegmentedPathwaySingleRadius.cpp */,
				3224E5070844B1B800C13D97 /* PolylineSegmentedPathwaySegmentRadii.cpp */,
				32FFF54B06E9CEBD00E1D8A3 /* PlugIn.cpp */,
				32FFF54C06E9CEBD00E1D8A3 /* SimpleVehicle.cpp */,
				32FFF54E06E9CEBD00E1D8A3 /* Vec3.cpp */,
				32ECFEAF083389F000E5E444 /* Vec3Utilities.cpp */,
				324DA5EE082ABDD8000F3779 /* Color.cpp */,
			);
			name = src;
			path = ../src;
			sourceTree = "<group>";
		};
		32FFF56306E9CECE00E1D8A3 /* plugins */ = {
			isa = PBXGroup;
			children = (
				32FFF56406E9CECE00E1D8A3 /* Boids.cpp */,
				32FFF56506E9CECE00E1D8A3 /* CaptureTheFlag.cpp */,
				32FFF56606E9CECE00E1D8A3 /* LowSpeedTurn.cpp */,
				32FFF56706E9CECE00E1D8A3 /* MapDrive.cpp */,
				32FFF56806E9CECE00E1D8A3 /* MultiplePursuit.cpp */,
				32FFF56906E9CECE00E1D8A3 /* OneTurning.cpp */,
				32FFF56A06E9CECE00E1D8A3 /* Pedestrian.cpp */,
				32FFF56B06E9CECE00E1D8A3 /* Soccer.cpp */,
			);
			name = plugins;
			path = ../plugins;
			sourceTree = "<group>";
		};
		32FFF59206EB3F9A00E1D8A3 /* Documents */ = {
			isa = PBXGroup;
			children = (
				3248EFBB06F0A6380069A576 /* README_CVS_WITH_XCODE.txt */,
			);
			name = Documents;
			sourceTree = "<group>";
		};
		4425B48B0B7B76B90067899D /* test */ = {
			isa = PBXGroup;
			children = (
				4425B47B0B7B76740067899D /* PolylineSegmentedPathTest.cpp */,
				4425B47C0B7B76740067899D /* PolylineSegmentedPathwaySingleRadiusTest.cpp */,
				4425B47D0B7B76740067899D /* SharedPointerTest.cpp */,
				4425B47E0B7B76740067899D /* TestMain.cpp */,
			);
			name = test;
			sourceTree = "<group>";
		};
		84FACBA506EFC297000A998A /* Source Code */ = {
			isa = PBXGroup;
			children = (
				4425B48B0B7B76B90067899D /* test */,
				32FFF56306E9CECE00E1D8A3 /* plugins */,
				32FFF54406E9CEBD00E1D8A3 /* src */,
				32FFF52206E9CEA700E1D8A3 /* include */,
			);
			name = "Source Code";
			sourceTree = "<group>";
		};
/* End PBXGroup section */

/* Begin PBXHeadersBuildPhase section */
		4425B3E10B7B61DB0067899D /* Headers */ = {
			isa = PBXHeadersBuildPhase;
			buildActionMask = 2147483647;
			files = (
				4425B3EE0B7B676F0067899D /* AbstractVehicle.h in Headers */,
				4425B3EF0B7B676F0067899D /* Annotation.h in Headers */,
				4425B3F00B7B676F0067899D /* Clock.h in Headers */,
				4425B3F10B7B676F0067899D /* Color.h in Headers */,
				4425B3F20B7B676F0067899D /* LocalSpace.h in Headers */,
				4425B3F30B7B676F0067899D /* lq.h in Headers */,
				4425B3F40B7B676F0067899D /* Obstacle.h in Headers */,
				4425B3F50B7B676F0067899D /* OldPathway.h in Headers */,
				4425B3F60B7B676F0067899D /* Path.h in Headers */,
				4425B3F70B7B676F0067899D /* Pathway.h in Headers */,
				4425B3F80B7B676F0067899D /* PlugIn.h in Headers */,
				4425B3F90B7B676F0067899D /* PolylineSegmentedPath.h in Headers */,
				4425B3FA0B7B676F0067899D /* PolylineSegmentedPathwaySegmentRadii.h in Headers */,
				4425B3FB0B7B676F0067899D /* PolylineSegmentedPathwaySingleRadius.h in Headers */,
				4425B3FC0B7B676F0067899D /* Proximity.h in Headers */,
				4425B3FD0B7B676F0067899D /* QueryPathAlike.h in Headers */,
				4425B3FE0B7B676F0067899D /* QueryPathAlikeBaseDataExtractionPolicies.h in Headers */,
				4425B3FF0B7B676F0067899D /* QueryPathAlikeMappings.h in Headers */,
				4425B4000B7B676F0067899D /* QueryPathAlikeUtilities.h in Headers */,
				4425B4010B7B676F0067899D /* SegmentedPath.h in Headers */,
				4425B4020B7B676F0067899D /* SegmentedPathAlikeUtilities.h in Headers */,
				4425B4030B7B676F0067899D /* SegmentedPathway.h in Headers */,
				4425B4040B7B676F0067899D /* StandardTypes.h in Headers */,
				4425B4050B7B676F0067899D /* SteerLibrary.h in Headers */,
				4425B4060B7B676F0067899D /* UnusedParameter.h in Headers */,
				4425B4070B7B676F0067899D /* Utilities.h in Headers */,
				4425B4080B7B676F0067899D /* Vec3.h in Headers */,
				4425B4090B7B676F0067899D /* Vec3Utilities.h in Headers */,
				4425B40B0B7B678E0067899D /* SharedPointer.h in Headers */,
			);
			runOnlyForDeploymentPostprocessing = 0;
		};
/* End PBXHeadersBuildPhase section */

/* Begin PBXNativeTarget section */
		3224E47508435BCC00C13D97 /* UnitTest */ = {
			isa = PBXNativeTarget;
			buildConfigurationList = 3219D3070855BC5800EB7908 /* Build configuration list for PBXNativeTarget "UnitTest" */;
			buildPhases = (
				3224E47308435BCC00C13D97 /* Sources */,
				3224E47408435BCC00C13D97 /* Frameworks */,
			);
			buildRules = (
			);
			comments = "Suite of unit tests for different OpenSteer functionality. Uses the CppUnit Framework ( http://cppunit.sourceforge.net/cgi-bin/moin.cgi ).";
			dependencies = (
			);
			name = UnitTest;
			productName = UnitTest;
			productReference = 3224E47608435BCC00C13D97 /* UnitTest */;
			productType = "com.apple.product-type.tool";
		};
		4425B3E50B7B61DB0067899D /* OpenSteer Framework */ = {
			isa = PBXNativeTarget;
			buildConfigurationList = 4425B3E80B7B61DB0067899D /* Build configuration list for PBXNativeTarget "OpenSteer Framework" */;
			buildPhases = (
				4425B3E10B7B61DB0067899D /* Headers */,
				4425B3E30B7B61DB0067899D /* Sources */,
				48B770DF0D57A377000A3B97 /* Frameworks */,
			);
			buildRules = (
			);
			dependencies = (
			);
			name = "OpenSteer Framework";
			productName = OpenSteer;
			productReference = 4425B3E60B7B61DB0067899D /* OpenSteer.framework */;
			productType = "com.apple.product-type.framework";
		};
		8D1107260486CEB800E47090 /* OpenSteerDemo */ = {
			isa = PBXNativeTarget;
			buildConfigurationList = 3219D3030855BC5800EB7908 /* Build configuration list for PBXNativeTarget "OpenSteerDemo" */;
			buildPhases = (
				8D1107290486CEB800E47090 /* Resources */,
				8D11072C0486CEB800E47090 /* Sources */,
				8D11072E0486CEB800E47090 /* Frameworks */,
			);
			buildRules = (
			);
			dependencies = (
			);
			name = OpenSteerDemo;
			productInstallPath = "$(HOME)/Applications";
			productName = opensteer;
			productReference = 8D1107320486CEB800E47090 /* OpenSteerDemo.app */;
			productType = "com.apple.product-type.application";
		};
/* End PBXNativeTarget section */

/* Begin PBXProject section */
		29B97313FDCFA39411CA2CEA /* Project object */ = {
			isa = PBXProject;
			buildConfigurationList = 3219D30B0855BC5800EB7908 /* Build configuration list for PBXProject "OpenSteer" */;
			compatibilityVersion = "Xcode 2.4";
			hasScannedForEncodings = 1;
			mainGroup = 29B97314FDCFA39411CA2CEA /* opensteer */;
			projectDirPath = "";
			projectRoot = "";
			targets = (
				4425B3E50B7B61DB0067899D /* OpenSteer Framework */,
				8D1107260486CEB800E47090 /* OpenSteerDemo */,
				3224E47508435BCC00C13D97 /* UnitTest */,
			);
		};
/* End PBXProject section */

/* Begin PBXResourcesBuildPhase section */
		8D1107290486CEB800E47090 /* Resources */ = {
			isa = PBXResourcesBuildPhase;
			buildActionMask = 2147483647;
			files = (
				8D11072A0486CEB800E47090 /* MainMenu.nib in Resources */,
				8D11072B0486CEB800E47090 /* InfoPlist.strings in Resources */,
				32FFF58106E9CF3800E1D8A3 /* OpenSteer.icns in Resources */,
				441067300B7BB59200B3A8B5 /* OpenSteerDemo-Info.plist in Resources */,
			);
			runOnlyForDeploymentPostprocessing = 0;
		};
/* End PBXResourcesBuildPhase section */

/* Begin PBXSourcesBuildPhase section */
		3224E47308435BCC00C13D97 /* Sources */ = {
			isa = PBXSourcesBuildPhase;
			buildActionMask = 2147483647;
			files = (
				4425B47F0B7B76740067899D /* PolylineSegmentedPathTest.cpp in Sources */,
				4425B4800B7B76740067899D /* PolylineSegmentedPathwaySingleRadiusTest.cpp in Sources */,
				4425B4810B7B76740067899D /* SharedPointerTest.cpp in Sources */,
				4425B4820B7B76740067899D /* TestMain.cpp in Sources */,
			);
			runOnlyForDeploymentPostprocessing = 0;
		};
		4425B3E30B7B61DB0067899D /* Sources */ = {
			isa = PBXSourcesBuildPhase;
			buildActionMask = 2147483647;
			files = (
				4425B40C0B7B67D20067899D /* Clock.cpp in Sources */,
				4425B40D0B7B67D20067899D /* Color.cpp in Sources */,
				4425B40E0B7B67D20067899D /* lq.c in Sources */,
				4425B40F0B7B67D20067899D /* Obstacle.cpp in Sources */,
				4425B4100B7B67D20067899D /* OldPathway.cpp in Sources */,
				4425B4110B7B67D20067899D /* Path.cpp in Sources */,
				4425B4120B7B67D20067899D /* Pathway.cpp in Sources */,
				4425B4130B7B67D20067899D /* PlugIn.cpp in Sources */,
				4425B4140B7B67D20067899D /* PolylineSegmentedPath.cpp in Sources */,
				4425B4150B7B67D20067899D /* PolylineSegmentedPathwaySegmentRadii.cpp in Sources */,
				4425B4160B7B67D20067899D /* PolylineSegmentedPathwaySingleRadius.cpp in Sources */,
				4425B4170B7B67D20067899D /* SegmentedPath.cpp in Sources */,
				4425B4180B7B67D20067899D /* SegmentedPathway.cpp in Sources */,
				4425B4190B7B67D20067899D /* Vec3.cpp in Sources */,
				4425B41A0B7B67D20067899D /* Vec3Utilities.cpp in Sources */,
			);
			runOnlyForDeploymentPostprocessing = 0;
		};
		8D11072C0486CEB800E47090 /* Sources */ = {
			isa = PBXSourcesBuildPhase;
			buildActionMask = 2147483647;
			files = (
				4425B44F0B7B6B9C0067899D /* Draw.cpp in Sources */,
				4425B44A0B7B6B460067899D /* Camera.cpp in Sources */,
				4425B4430B7B6AF90067899D /* SimpleVehicle.cpp in Sources */,
				4425B2FE0B7B5A1E0067899D /* Boids.cpp in Sources */,
				4425B2FF0B7B5A1E0067899D /* CaptureTheFlag.cpp in Sources */,
				4425B3000B7B5A1E0067899D /* LowSpeedTurn.cpp in Sources */,
				4425B3010B7B5A1E0067899D /* MapDrive.cpp in Sources */,
				4425B3020B7B5A1E0067899D /* MultiplePursuit.cpp in Sources */,
				4425B3030B7B5A1E0067899D /* OneTurning.cpp in Sources */,
				4425B3040B7B5A1E0067899D /* Pedestrian.cpp in Sources */,
				4425B3050B7B5A1E0067899D /* Soccer.cpp in Sources */,
				4425B2FC0B7B59D80067899D /* main.cpp in Sources */,
				4425B2FD0B7B59D80067899D /* OpenSteerDemo.cpp in Sources */,
			);
			runOnlyForDeploymentPostprocessing = 0;
		};
/* End PBXSourcesBuildPhase section */

/* Begin PBXVariantGroup section */
		089C165CFE840E0CC02AAC07 /* InfoPlist.strings */ = {
			isa = PBXVariantGroup;
			children = (
				089C165DFE840E0CC02AAC07 /* English */,
			);
			name = InfoPlist.strings;
			sourceTree = "<group>";
		};
		29B97318FDCFA39411CA2CEA /* MainMenu.nib */ = {
			isa = PBXVariantGroup;
			children = (
				29B97319FDCFA39411CA2CEA /* English */,
			);
			name = MainMenu.nib;
			sourceTree = "<group>";
		};
/* End PBXVariantGroup section */

/* Begin XCBuildConfiguration section */
		3219D3040855BC5800EB7908 /* Development */ = {
			isa = XCBuildConfiguration;
			buildSettings = {
				COPY_PHASE_STRIP = NO;
				GCC_DYNAMIC_NO_PIC = NO;
				GCC_ENABLE_FIX_AND_CONTINUE = YES;
				GCC_GENERATE_DEBUGGING_SYMBOLS = YES;
				GCC_OPTIMIZATION_LEVEL = 0;
				GCC_PRECOMPILE_PREFIX_HEADER = NO;
				GCC_PREFIX_HEADER = "";
				GCC_WARN_ABOUT_MISSING_NEWLINE = YES;
				GCC_WARN_ABOUT_MISSING_PROTOTYPES = YES;
				GCC_WARN_ABOUT_RETURN_TYPE = YES;
				GCC_WARN_ALLOW_INCOMPLETE_PROTOCOL = YES;
				GCC_WARN_CHECK_SWITCH_STATEMENTS = YES;
				GCC_WARN_EFFECTIVE_CPLUSPLUS_VIOLATIONS = NO;
				GCC_WARN_FOUR_CHARACTER_CONSTANTS = YES;
				GCC_WARN_HIDDEN_VIRTUAL_FUNCTIONS = YES;
				GCC_WARN_INHIBIT_ALL_WARNINGS = NO;
				GCC_WARN_INITIALIZER_NOT_FULLY_BRACKETED = YES;
				GCC_WARN_MISSING_PARENTHESES = YES;
				GCC_WARN_NON_VIRTUAL_DESTRUCTOR = YES;
				GCC_WARN_PEDANTIC = YES;
				GCC_WARN_SHADOW = NO;
				GCC_WARN_SIGN_COMPARE = YES;
				GCC_WARN_TYPECHECK_CALLS_TO_PRINTF = YES;
				GCC_WARN_UNINITIALIZED_AUTOS = NO;
				GCC_WARN_UNUSED_FUNCTION = YES;
				GCC_WARN_UNUSED_LABEL = YES;
				GCC_WARN_UNUSED_PARAMETER = YES;
				GCC_WARN_UNUSED_VALUE = YES;
				GCC_WARN_UNUSED_VARIABLE = YES;
				HEADER_SEARCH_PATHS = ../include;
				INFOPLIST_FILE = "OpenSteerDemo-Info.plist";
				INSTALL_PATH = "$(HOME)/Applications";
				LIBRARY_SEARCH_PATHS = "";
				PRODUCT_NAME = OpenSteerDemo;
				USE_HEADERMAP = NO;
				WRAPPER_EXTENSION = app;
				ZERO_LINK = YES;
			};
			name = Development;
		};
		3219D3050855BC5800EB7908 /* Deployment */ = {
			isa = XCBuildConfiguration;
			buildSettings = {
				COPY_PHASE_STRIP = YES;
				GCC_ENABLE_FIX_AND_CONTINUE = NO;
				GCC_GENERATE_DEBUGGING_SYMBOLS = NO;
				GCC_MODEL_CPU = "";
				GCC_PRECOMPILE_PREFIX_HEADER = NO;
				GCC_PREFIX_HEADER = "";
				GCC_PREPROCESSOR_DEFINITIONS = NDEBUG;
				GCC_WARN_SIGN_COMPARE = NO;
				HEADER_SEARCH_PATHS = ../include;
				INFOPLIST_FILE = "OpenSteerDemo-Info.plist";
				INSTALL_PATH = "$(HOME)/Applications";
				LIBRARY_SEARCH_PATHS = "";
				PRODUCT_NAME = OpenSteerDemo;
				USE_HEADERMAP = NO;
				WRAPPER_EXTENSION = app;
				ZERO_LINK = NO;
			};
			name = Deployment;
		};
		3219D3060855BC5800EB7908 /* Default */ = {
			isa = XCBuildConfiguration;
			buildSettings = {
				GCC_GENERATE_DEBUGGING_SYMBOLS = NO;
				GCC_PRECOMPILE_PREFIX_HEADER = NO;
				GCC_PREFIX_HEADER = "";
				HEADER_SEARCH_PATHS = ../include;
				INFOPLIST_FILE = "OpenSteerDemo-Info.plist";
				INSTALL_PATH = "$(HOME)/Applications";
				LIBRARY_SEARCH_PATHS = "";
				PRODUCT_NAME = OpenSteerDemo;
				WRAPPER_EXTENSION = app;
				ZERO_LINK = YES;
			};
			name = Default;
		};
		3219D3080855BC5800EB7908 /* Development */ = {
			isa = XCBuildConfiguration;
			buildSettings = {
				ARCHS = i386;
				COPY_PHASE_STRIP = NO;
				GCC_DYNAMIC_NO_PIC = NO;
				GCC_ENABLE_FIX_AND_CONTINUE = YES;
				GCC_GENERATE_DEBUGGING_SYMBOLS = YES;
				GCC_MODEL_TUNING = G5;
				GCC_OPTIMIZATION_LEVEL = 0;
				GCC_WARN_ABOUT_MISSING_NEWLINE = YES;
				GCC_WARN_ABOUT_MISSING_PROTOTYPES = YES;
				GCC_WARN_ABOUT_RETURN_TYPE = YES;
				GCC_WARN_ALLOW_INCOMPLETE_PROTOCOL = YES;
				GCC_WARN_CHECK_SWITCH_STATEMENTS = YES;
				GCC_WARN_EFFECTIVE_CPLUSPLUS_VIOLATIONS = NO;
				GCC_WARN_FOUR_CHARACTER_CONSTANTS = YES;
				GCC_WARN_HIDDEN_VIRTUAL_FUNCTIONS = YES;
				GCC_WARN_INHIBIT_ALL_WARNINGS = NO;
				GCC_WARN_INITIALIZER_NOT_FULLY_BRACKETED = YES;
				GCC_WARN_MISSING_PARENTHESES = YES;
				GCC_WARN_NON_VIRTUAL_DESTRUCTOR = YES;
				GCC_WARN_PEDANTIC = YES;
				GCC_WARN_SHADOW = NO;
				GCC_WARN_SIGN_COMPARE = YES;
				GCC_WARN_TYPECHECK_CALLS_TO_PRINTF = YES;
				GCC_WARN_UNINITIALIZED_AUTOS = NO;
				GCC_WARN_UNUSED_FUNCTION = YES;
				GCC_WARN_UNUSED_LABEL = YES;
				GCC_WARN_UNUSED_PARAMETER = YES;
				GCC_WARN_UNUSED_VALUE = YES;
				GCC_WARN_UNUSED_VARIABLE = YES;
				HEADER_SEARCH_PATHS = (
					../include,
					/usr/local/include,
				);
				INSTALL_PATH = "$(HOME)/bin";
				LIBRARY_SEARCH_PATHS = /usr/local/lib;
				MACH_O_TYPE = mh_execute;
				OTHER_CFLAGS = "";
				OTHER_LDFLAGS = "";
				OTHER_REZFLAGS = "";
				PREBINDING = NO;
				PRODUCT_NAME = UnitTest;
				SECTORDER_FLAGS = "";
				USE_HEADERMAP = NO;
				WARNING_CFLAGS = "";
			};
			name = Development;
		};
		3219D3090855BC5800EB7908 /* Deployment */ = {
			isa = XCBuildConfiguration;
			buildSettings = {
				ARCHS = i386;
				COPY_PHASE_STRIP = YES;
				GCC_ENABLE_FIX_AND_CONTINUE = NO;
				GCC_GENERATE_DEBUGGING_SYMBOLS = NO;
				GCC_MODEL_CPU = "";
				GCC_MODEL_TUNING = G5;
				GCC_PREPROCESSOR_DEFINITIONS = NDEBUG;
				GCC_WARN_SIGN_COMPARE = NO;
				HEADER_SEARCH_PATHS = (
					../include,
					/usr/local/include,
				);
				INSTALL_PATH = "$(HOME)/bin";
				LIBRARY_SEARCH_PATHS = /usr/local/lib;
				MACH_O_TYPE = mh_execute;
				OTHER_CFLAGS = "";
				OTHER_LDFLAGS = "";
				OTHER_REZFLAGS = "";
				PREBINDING = NO;
				PRODUCT_NAME = UnitTest;
				SECTORDER_FLAGS = "";
				USE_HEADERMAP = NO;
				WARNING_CFLAGS = "";
				ZERO_LINK = NO;
			};
			name = Deployment;
		};
		3219D30A0855BC5800EB7908 /* Default */ = {
			isa = XCBuildConfiguration;
			buildSettings = {
				ARCHS = i386;
				GCC_GENERATE_DEBUGGING_SYMBOLS = NO;
				GCC_MODEL_TUNING = G5;
				HEADER_SEARCH_PATHS = (
					../include,
					/usr/local/include,
				);
				INSTALL_PATH = "$(HOME)/bin";
				LIBRARY_SEARCH_PATHS = /usr/local/lib;
				MACH_O_TYPE = mh_execute;
				OTHER_CFLAGS = "";
				OTHER_LDFLAGS = "";
				OTHER_REZFLAGS = "";
				PREBINDING = NO;
				PRODUCT_NAME = UnitTest;
				SECTORDER_FLAGS = "";
				WARNING_CFLAGS = "";
			};
			name = Default;
		};
		3219D30C0855BC5800EB7908 /* Development */ = {
			isa = XCBuildConfiguration;
			buildSettings = {
				ARCHS = (
					ppc,
					i386,
				);
				FRAMEWORK_SEARCH_PATHS = "";
				FRAMEWORK_VERSION = 0.8;
				GCC_ENABLE_FIX_AND_CONTINUE = NO;
				GCC_MODEL_TUNING = G4;
				GCC_OPTIMIZATION_LEVEL = 0;
				GCC_WARN_ABOUT_MISSING_NEWLINE = YES;
				GCC_WARN_ABOUT_MISSING_PROTOTYPES = YES;
				GCC_WARN_ABOUT_RETURN_TYPE = YES;
				GCC_WARN_CHECK_SWITCH_STATEMENTS = YES;
				GCC_WARN_HIDDEN_VIRTUAL_FUNCTIONS = YES;
				GCC_WARN_INITIALIZER_NOT_FULLY_BRACKETED = YES;
				GCC_WARN_MISSING_PARENTHESES = YES;
				GCC_WARN_NON_VIRTUAL_DESTRUCTOR = YES;
				GCC_WARN_PEDANTIC = NO;
				GCC_WARN_SIGN_COMPARE = YES;
				GCC_WARN_TYPECHECK_CALLS_TO_PRINTF = YES;
				GCC_WARN_UNKNOWN_PRAGMAS = YES;
				GCC_WARN_UNUSED_FUNCTION = YES;
				GCC_WARN_UNUSED_LABEL = YES;
				GCC_WARN_UNUSED_PARAMETER = YES;
				GCC_WARN_UNUSED_VALUE = YES;
				GCC_WARN_UNUSED_VARIABLE = YES;
				INSTALL_PATH = /Library/Frameworks;
				SDKROOT = /Developer/SDKs/MacOSX10.4u.sdk;
				ZERO_LINK = NO;
			};
			name = Development;
		};
		3219D30D0855BC5800EB7908 /* Deployment */ = {
			isa = XCBuildConfiguration;
			buildSettings = {
				ARCHS = (
					ppc,
					i386,
				);
				FRAMEWORK_VERSION = 0.8;
				GCC_ENABLE_FIX_AND_CONTINUE = NO;
				GCC_MODEL_TUNING = G4;
				GCC_WARN_ABOUT_MISSING_NEWLINE = YES;
				GCC_WARN_ABOUT_MISSING_PROTOTYPES = YES;
				GCC_WARN_ABOUT_RETURN_TYPE = YES;
				GCC_WARN_CHECK_SWITCH_STATEMENTS = YES;
				GCC_WARN_HIDDEN_VIRTUAL_FUNCTIONS = YES;
				GCC_WARN_INITIALIZER_NOT_FULLY_BRACKETED = YES;
				GCC_WARN_MISSING_PARENTHESES = YES;
				GCC_WARN_PEDANTIC = NO;
				GCC_WARN_SIGN_COMPARE = YES;
				GCC_WARN_TYPECHECK_CALLS_TO_PRINTF = YES;
				GCC_WARN_UNKNOWN_PRAGMAS = YES;
				GCC_WARN_UNUSED_FUNCTION = YES;
				GCC_WARN_UNUSED_LABEL = YES;
				GCC_WARN_UNUSED_PARAMETER = YES;
				GCC_WARN_UNUSED_VALUE = YES;
				GCC_WARN_UNUSED_VARIABLE = YES;
				INSTALL_PATH = /Library/Frameworks;
				SDKROOT = /Developer/SDKs/MacOSX10.4u.sdk;
				ZERO_LINK = NO;
			};
			name = Deployment;
		};
		3219D30E0855BC5800EB7908 /* Default */ = {
			isa = XCBuildConfiguration;
			buildSettings = {
				ARCHS = (
					ppc,
					i386,
				);
				FRAMEWORK_VERSION = 0.8;
				GCC_ENABLE_FIX_AND_CONTINUE = NO;
				GCC_MODEL_TUNING = G4;
				GCC_WARN_ABOUT_MISSING_NEWLINE = YES;
				GCC_WARN_ABOUT_MISSING_PROTOTYPES = YES;
				GCC_WARN_ABOUT_RETURN_TYPE = YES;
				GCC_WARN_CHECK_SWITCH_STATEMENTS = YES;
				GCC_WARN_HIDDEN_VIRTUAL_FUNCTIONS = YES;
				GCC_WARN_INITIALIZER_NOT_FULLY_BRACKETED = YES;
				GCC_WARN_MISSING_PARENTHESES = YES;
				GCC_WARN_PEDANTIC = NO;
				GCC_WARN_SIGN_COMPARE = YES;
				GCC_WARN_TYPECHECK_CALLS_TO_PRINTF = YES;
				GCC_WARN_UNKNOWN_PRAGMAS = YES;
				GCC_WARN_UNUSED_FUNCTION = YES;
				GCC_WARN_UNUSED_LABEL = YES;
				GCC_WARN_UNUSED_PARAMETER = YES;
				GCC_WARN_UNUSED_VALUE = YES;
				GCC_WARN_UNUSED_VARIABLE = YES;
				INSTALL_PATH = /Library/Frameworks;
				SDKROOT = /Developer/SDKs/MacOSX10.4u.sdk;
				ZERO_LINK = NO;
			};
			name = Default;
		};
		4425B3E90B7B61DB0067899D /* Development */ = {
			isa = XCBuildConfiguration;
			buildSettings = {
				ARCHS = i386;
				COPY_PHASE_STRIP = NO;
				DYLIB_COMPATIBILITY_VERSION = 2;
				DYLIB_CURRENT_VERSION = 2;
				FRAMEWORK_SEARCH_PATHS = (
					/Library/Frameworks,
					/System/Library/Frameworks,
				);
				FRAMEWORK_VERSION = 0.8;
				GCC_DYNAMIC_NO_PIC = NO;
				GCC_ENABLE_FIX_AND_CONTINUE = YES;
				GCC_GENERATE_DEBUGGING_SYMBOLS = YES;
				GCC_MODEL_TUNING = G5;
				GCC_OPTIMIZATION_LEVEL = 0;
				GCC_PRECOMPILE_PREFIX_HEADER = NO;
				GCC_PREFIX_HEADER = "";
				HEADER_SEARCH_PATHS = ../include;
				INFOPLIST_FILE = Info.plist;
				INSTALL_PATH = "$(HOME)/Library/Frameworks";
				OTHER_LDFLAGS = (
					"-framework",
					Ogre,
				);
				PREBINDING = NO;
				PRODUCT_NAME = OpenSteer;
				USER_HEADER_SEARCH_PATHS = ../include;
				ZERO_LINK = YES;
			};
			name = Development;
		};
		4425B3EA0B7B61DB0067899D /* Deployment */ = {
			isa = XCBuildConfiguration;
			buildSettings = {
				ARCHS = (
					ppc,
					i386,
				);
				COPY_PHASE_STRIP = YES;
				DYLIB_COMPATIBILITY_VERSION = 2;
				DYLIB_CURRENT_VERSION = 2;
				FRAMEWORK_SEARCH_PATHS = (
					/Library/Frameworks,
					/System/Library/Frameworks,
				);
				FRAMEWORK_VERSION = 0.8;
				GCC_ENABLE_FIX_AND_CONTINUE = NO;
				GCC_GENERATE_DEBUGGING_SYMBOLS = NO;
				GCC_MODEL_TUNING = G5;
				GCC_PRECOMPILE_PREFIX_HEADER = NO;
				GCC_PREFIX_HEADER = "";
				HEADER_SEARCH_PATHS = ../include;
				INFOPLIST_FILE = Info.plist;
				INSTALL_PATH = "$(HOME)/Library/Frameworks";
				OTHER_LDFLAGS = "";
				PREBINDING = NO;
				PRODUCT_NAME = OpenSteer;
				USER_HEADER_SEARCH_PATHS = ../include;
				ZERO_LINK = NO;
			};
			name = Deployment;
		};
		4425B3EB0B7B61DB0067899D /* Default */ = {
			isa = XCBuildConfiguration;
			buildSettings = {
				ARCHS = (
					ppc,
					i386,
				);
				DYLIB_COMPATIBILITY_VERSION = 2;
				DYLIB_CURRENT_VERSION = 2;
				FRAMEWORK_SEARCH_PATHS = (
					/Library/Frameworks,
					/System/Library/Frameworks,
				);
				FRAMEWORK_VERSION = 0.8;
				GCC_ENABLE_FIX_AND_CONTINUE = YES;
				GCC_MODEL_TUNING = G5;
				GCC_PRECOMPILE_PREFIX_HEADER = NO;
				GCC_PREFIX_HEADER = "";
				HEADER_SEARCH_PATHS = ../include;
				INFOPLIST_FILE = Info.plist;
				INSTALL_PATH = "$(HOME)/Library/Frameworks";
				OTHER_LDFLAGS = "";
				PREBINDING = NO;
				PRODUCT_NAME = OpenSteer;
				USER_HEADER_SEARCH_PATHS = ../include;
				ZERO_LINK = YES;
			};
			name = Default;
		};
/* End XCBuildConfiguration section */

/* Begin XCConfigurationList section */
		3219D3030855BC5800EB7908 /* Build configuration list for PBXNativeTarget "OpenSteerDemo" */ = {
			isa = XCConfigurationList;
			buildConfigurations = (
				3219D3040855BC5800EB7908 /* Development */,
				3219D3050855BC5800EB7908 /* Deployment */,
				3219D3060855BC5800EB7908 /* Default */,
			);
			defaultConfigurationIsVisible = 0;
			defaultConfigurationName = Default;
		};
		3219D3070855BC5800EB7908 /* Build configuration list for PBXNativeTarget "UnitTest" */ = {
			isa = XCConfigurationList;
			buildConfigurations = (
				3219D3080855BC5800EB7908 /* Development */,
				3219D3090855BC5800EB7908 /* Deployment */,
				3219D30A0855BC5800EB7908 /* Default */,
			);
			defaultConfigurationIsVisible = 0;
			defaultConfigurationName = Default;
		};
		3219D30B0855BC5800EB7908 /* Build configuration list for PBXProject "OpenSteer" */ = {
			isa = XCConfigurationList;
			buildConfigurations = (
				3219D30C0855BC5800EB7908 /* Development */,
				3219D30D0855BC5800EB7908 /* Deployment */,
				3219D30E0855BC5800EB7908 /* Default */,
			);
			defaultConfigurationIsVisible = 0;
			defaultConfigurationName = Default;
		};
		4425B3E80B7B61DB0067899D /* Build configuration list for PBXNativeTarget "OpenSteer Framework" */ = {
			isa = XCConfigurationList;
			buildConfigurations = (
				4425B3E90B7B61DB0067899D /* Development */,
				4425B3EA0B7B61DB0067899D /* Deployment */,
				4425B3EB0B7B61DB0067899D /* Default */,
			);
			defaultConfigurationIsVisible = 0;
			defaultConfigurationName = Default;
		};
/* End XCConfigurationList section */
	};
	rootObject = 29B97313FDCFA39411CA2CEA /* Project object */;
}
