<?xml version="1.0"?>
<!DOCTYPE Code::Blocks_project_file>
<Code::Blocks_project_file>
	<FileVersion major="1" minor="1"/>
	<Project>
		<Option title="RlUi"/>
		<Option makefile="Makefile"/>
		<Option makefile_is_custom="0"/>
		<Option default_target="-1"/>
		<Option compiler="1"/>
		<Build>
			<Target title="Debug">
				<Option output=".\lib\debug\RlUI.dll"/>
				<Option working_dir="."/>
				<Option object_output=".\obj\Debug"/>
				<Option deps_output=".deps"/>
				<Option external_deps=""/>
				<Option type="3"/>
				<Option compiler="1"/>
				<Option createDefFile="1"/>
				<Option createStaticLib="1"/>
				<Compiler>
					<Add option="/D_WINDOWS,_DEBUG,WIN32,RLUI_EXPORTS"/>
					<Add option="/GR"/>
					<Add option="/nologo"/>
					<Add option="/Zi"/>
					<Add directory=".\include"/>
					<Add directory=".\components\include"/>
					<Add directory="..\common\include"/>
					<Add directory="..\dialog\include"/>
					<Add directory="..\core\include"/>
					<Add directory="..\sound\include"/>
					<Add directory="..\rules\include"/>
					<Add directory="..\..\dependencies\ogre\OgreMain\include"/>
					<Add directory="..\..\dependencies\ogre\Samples\Common\CEGUIRenderer\include"/>
					<Add directory="..\..\dependencies\ogre\OgreOde\include"/>
					<Add directory="..\..\dependencies\ogre\Dependencies\include"/>
					<Add directory="..\..\dependencies\ogre\PlugIns\GuiElements\include"/>
					<Add directory="..\..\dependencies\ruby\lib\ruby\1.8\i386-mswin32"/>
					<Add directory="..\..\dependencies\OpenAL\Include"/>
					<Add directory="..\..\dependencies\cegui\include"/>
					<Add directory="..\..\dependencies\boost\include"/>
					<Add directory="..\..\dependencies\ogg\include"/>
					<Add directory="..\..\dependencies\vorbis\include"/>
					<Add directory="..\..\dependencies\xerces\include"/>
				</Compiler>
				<Linker>
					<Add option="/debug"/>
					<Add option="/nologo"/>
					<Add option="/incremental"/>
					<Add option="/pdb:.\lib\Debug\RlUI.pdb"/>
					<Add library="RlCore"/>
					<Add library="msvcrt-ruby18"/>
					<Add library="OgreMain_d"/>
					<Add library="RlRules"/>
					<Add library="RlSound"/>
					<Add library="CEGUIBase_d"/>
					<Add library="CEGUITaharezLook_d"/>
					<Add library="OgreGuiRenderer_d"/>
					<Add library="OgreODE_Core_d"/>
					<Add library="xerces-c_2D"/>
					<Add directory="..\core\lib\Debug"/>
					<Add directory="..\sound\lib\Debug"/>
					<Add directory="..\rules\lib\Debug"/>
					<Add directory="..\..\dependencies\ogre\OgreMain\lib\Debug"/>
					<Add directory="..\..\dependencies\ogre\Samples\Common\CEGUIRenderer\lib"/>
					<Add directory="..\..\dependencies\ogre\PlugIns\GuiElements\bin\Debug"/>
					<Add directory="..\..\dependencies\ruby\lib"/>
					<Add directory="..\..\dependencies\cegui\lib"/>
					<Add directory="..\..\dependencies\ogre\dependencies\lib\Debug"/>
					<Add directory="..\..\dependencies\ogre\OgreODE\lib\Debug"/>
					<Add directory="..\..\dependencies\boost\lib"/>
					<Add directory="..\..\dependencies\ogg\win32"/>
					<Add directory="..\..\dependencies\xerces\lib"/>
				</Linker>
			</Target>
			<Target title="Release">
				<Option output=".\lib\release\RlUI.dll"/>
				<Option working_dir="."/>
				<Option object_output=".\obj\Release"/>
				<Option deps_output=".deps"/>
				<Option external_deps=""/>
				<Option type="3"/>
				<Option compiler="1"/>
				<Option createDefFile="1"/>
				<Option createStaticLib="1"/>
				<Compiler>
					<Add option="/DNDEBUG,_WINDOWS,WIN32,RLUI_EXPORTS"/>
					<Add option="/GR"/>
					<Add option="/nologo"/>
					<Add directory=".\include"/>
					<Add directory=".\components\include"/>
					<Add directory="..\common\include"/>
					<Add directory="..\dialog\include"/>
					<Add directory="..\core\include"/>
					<Add directory="..\sound\include"/>
					<Add directory="..\rules\include"/>
					<Add directory="..\..\dependencies\ogre\OgreMain\include"/>
					<Add directory="..\..\dependencies\ogre\Samples\Common\CEGUIRenderer\include"/>
					<Add directory="..\..\dependencies\ogre\OgreOde\include"/>
					<Add directory="..\..\dependencies\ogre\Dependencies\include"/>
					<Add directory="..\..\dependencies\ogre\PlugIns\GuiElements\include"/>
					<Add directory="..\..\dependencies\ruby\lib\ruby\1.8\i386-mswin32"/>
					<Add directory="..\..\dependencies\OpenAL\Include"/>
					<Add directory="..\..\dependencies\cegui\include"/>
					<Add directory="..\..\dependencies\boost\include"/>
					<Add directory="..\..\dependencies\ogg\include"/>
					<Add directory="..\..\dependencies\vorbis\include"/>
					<Add directory="..\..\dependencies\xerces\include"/>
				</Compiler>
				<Linker>
					<Add option="/nologo"/>
					<Add option="/incremental"/>
					<Add library="RlCore"/>
					<Add library="RlSound"/>
					<Add library="msvcrt-ruby18"/>
					<Add library="OgreMain"/>
					<Add library="RlRules"/>
					<Add library="CEGUIBase"/>
					<Add library="OgreGuiRenderer"/>
					<Add library="CEGUITaharezLook"/>
					<Add library="OgreODE_Core"/>
					<Add library="xerces-c_2"/>
					<Add directory="..\core\lib\Release"/>
					<Add directory="..\sound\lib\Release"/>
					<Add directory="..\rules\lib\Release"/>
					<Add directory="..\..\dependencies\ogre\OgreMain\lib\Release"/>
					<Add directory="..\..\dependencies\ogre\Samples\Common\CEGUIRenderer\lib"/>
					<Add directory="..\..\dependencies\ogre\PlugIns\GuiElements\bin\Release"/>
					<Add directory="..\..\dependencies\ruby\lib"/>
					<Add directory="..\..\dependencies\cegui\lib"/>
					<Add directory="..\..\dependencies\ogre\dependencies\lib\Release"/>
					<Add directory="..\..\dependencies\ogre\OgreODE\lib\Release"/>
					<Add directory="..\..\dependencies\boost\lib"/>
					<Add directory="..\..\dependencies\ogg\win32"/>
					<Add directory="..\..\dependencies\xerces\lib"/>
				</Linker>
			</Target>
		</Build>
		<Compiler>
			<Add option="/GX"/>
			<Add option="/W3"/>
		</Compiler>
		<Linker>
			<Add option="/MACHINE:I386"/>
		</Linker>
		<Unit filename="components\include\ListboxImageItem.h">
			<Option compilerVar=""/>
			<Option compile="0"/>
			<Option link="0"/>
			<Option target="Debug"/>
			<Option target="Release"/>
		</Unit>
		<Unit filename="components\include\ListboxWrappedTextItem.h">
			<Option compilerVar=""/>
			<Option compile="0"/>
			<Option link="0"/>
			<Option target="Debug"/>
			<Option target="Release"/>
		</Unit>
		<Unit filename="components\src\ListboxImageItem.cpp">
			<Option compilerVar="CPP"/>
			<Option target="Debug"/>
			<Option target="Release"/>
		</Unit>
		<Unit filename="components\src\ListboxWrappedTextItem.cpp">
			<Option compilerVar="CPP"/>
			<Option target="Debug"/>
			<Option target="Release"/>
		</Unit>
		<Unit filename="include\ActionChoiceWindow.h">
			<Option compilerVar=""/>
			<Option compile="0"/>
			<Option link="0"/>
			<Option target="Debug"/>
			<Option target="Release"/>
		</Unit>
		<Unit filename="include\CeGuiWindow.h">
			<Option compilerVar=""/>
			<Option compile="0"/>
			<Option link="0"/>
			<Option target="Debug"/>
			<Option target="Release"/>
		</Unit>
		<Unit filename="include\CharacterSheetWindow.h">
			<Option compilerVar=""/>
			<Option compile="0"/>
			<Option link="0"/>
			<Option target="Debug"/>
			<Option target="Release"/>
		</Unit>
		<Unit filename="include\CharacterStateWindow.h">
			<Option compilerVar=""/>
			<Option compile="0"/>
			<Option link="0"/>
			<Option target="Debug"/>
			<Option target="Release"/>
		</Unit>
		<Unit filename="include\CommandMapper.h">
			<Option compilerVar=""/>
			<Option compile="0"/>
			<Option link="0"/>
			<Option target="Debug"/>
			<Option target="Release"/>
		</Unit>
		<Unit filename="include\CommandMapperWindow.h">
			<Option compilerVar=""/>
			<Option compile="0"/>
			<Option link="0"/>
			<Option target="Debug"/>
			<Option target="Release"/>
		</Unit>
		<Unit filename="include\Console.h">
			<Option compilerVar=""/>
			<Option compile="0"/>
			<Option link="0"/>
			<Option target="Debug"/>
			<Option target="Release"/>
		</Unit>
		<Unit filename="include\ContainerContentWindow.h">
			<Option compilerVar=""/>
			<Option compile="0"/>
			<Option link="0"/>
			<Option target="Debug"/>
			<Option target="Release"/>
		</Unit>
		<Unit filename="include\DebugWindow.h">
			<Option compilerVar=""/>
			<Option compile="0"/>
			<Option link="0"/>
			<Option target="Debug"/>
			<Option target="Release"/>
		</Unit>
		<Unit filename="include\DialogWindow.h">
			<Option compilerVar=""/>
			<Option compile="0"/>
			<Option link="0"/>
			<Option target="Debug"/>
			<Option target="Release"/>
		</Unit>
		<Unit filename="include\GameController.h">
			<Option compilerVar=""/>
			<Option compile="0"/>
			<Option link="0"/>
			<Option target="Debug"/>
			<Option target="Release"/>
		</Unit>
		<Unit filename="include\GameLoggerWindow.h">
			<Option compilerVar=""/>
			<Option compile="0"/>
			<Option link="0"/>
			<Option target="Debug"/>
			<Option target="Release"/>
		</Unit>
		<Unit filename="include\InputManager.h">
			<Option compilerVar=""/>
			<Option compile="0"/>
			<Option link="0"/>
			<Option target="Debug"/>
			<Option target="Release"/>
		</Unit>
		<Unit filename="include\InventoryWindow.h">
			<Option compilerVar=""/>
			<Option compile="0"/>
			<Option link="0"/>
			<Option target="Debug"/>
			<Option target="Release"/>
		</Unit>
		<Unit filename="include\MainMenuWindow.h">
			<Option compilerVar=""/>
			<Option compile="0"/>
			<Option link="0"/>
			<Option target="Debug"/>
			<Option target="Release"/>
		</Unit>
		<Unit filename="include\MessageWindow.h">
			<Option compilerVar=""/>
			<Option compile="0"/>
			<Option link="0"/>
			<Option target="Debug"/>
			<Option target="Release"/>
		</Unit>
		<Unit filename="include\PlaylistWindow.h">
			<Option compilerVar=""/>
			<Option compile="0"/>
			<Option link="0"/>
			<Option target="Debug"/>
			<Option target="Release"/>
		</Unit>
		<Unit filename="include\TargetSelectionWindow.h">
			<Option compilerVar=""/>
			<Option compile="0"/>
			<Option link="0"/>
			<Option target="Debug"/>
			<Option target="Release"/>
		</Unit>
		<Unit filename="include\UiPrerequisites.h">
			<Option compilerVar=""/>
			<Option compile="0"/>
			<Option link="0"/>
			<Option target="Debug"/>
			<Option target="Release"/>
		</Unit>
		<Unit filename="include\UiSubsystem.h">
			<Option compilerVar=""/>
			<Option compile="0"/>
			<Option link="0"/>
			<Option target="Debug"/>
			<Option target="Release"/>
		</Unit>
		<Unit filename="include\WindowManager.h">
			<Option compilerVar=""/>
			<Option compile="0"/>
			<Option link="0"/>
			<Option target="Debug"/>
			<Option target="Release"/>
		</Unit>
		<Unit filename="src\ActionChoiceWindow.cpp">
			<Option compilerVar="CPP"/>
			<Option target="Debug"/>
			<Option target="Release"/>
		</Unit>
		<Unit filename="src\CeGuiWindow.cpp">
			<Option compilerVar="CPP"/>
			<Option target="Debug"/>
			<Option target="Release"/>
		</Unit>
		<Unit filename="src\CharacterSheetWindow.cpp">
			<Option compilerVar="CPP"/>
			<Option target="Debug"/>
			<Option target="Release"/>
		</Unit>
		<Unit filename="src\CharacterStateWindow.cpp">
			<Option compilerVar="CPP"/>
			<Option target="Debug"/>
			<Option target="Release"/>
		</Unit>
		<Unit filename="src\CommandMapper.cpp">
			<Option compilerVar="CPP"/>
			<Option target="Debug"/>
			<Option target="Release"/>
		</Unit>
		<Unit filename="src\CommandMapperWindow.cpp">
			<Option compilerVar="CPP"/>
			<Option target="Debug"/>
			<Option target="Release"/>
		</Unit>
		<Unit filename="src\Console.cpp">
			<Option compilerVar="CPP"/>
			<Option target="Debug"/>
			<Option target="Release"/>
		</Unit>
		<Unit filename="src\ContainerContentWindow.cpp">
			<Option compilerVar="CPP"/>
			<Option target="Debug"/>
			<Option target="Release"/>
		</Unit>
		<Unit filename="src\DebugWindow.cpp">
			<Option compilerVar="CPP"/>
			<Option target="Debug"/>
			<Option target="Release"/>
		</Unit>
		<Unit filename="src\DialogWindow.cpp">
			<Option compilerVar="CPP"/>
			<Option target="Debug"/>
			<Option target="Release"/>
		</Unit>
		<Unit filename="src\GameController.cpp">
			<Option compilerVar="CPP"/>
			<Option target="Debug"/>
			<Option target="Release"/>
		</Unit>
		<Unit filename="src\GameLoggerWindow.cpp">
			<Option compilerVar="CPP"/>
			<Option target="Debug"/>
			<Option target="Release"/>
		</Unit>
		<Unit filename="src\InputManager.cpp">
			<Option compilerVar="CPP"/>
			<Option target="Debug"/>
			<Option target="Release"/>
		</Unit>
		<Unit filename="src\InventoryWindow.cpp">
			<Option compilerVar="CPP"/>
			<Option target="Debug"/>
			<Option target="Release"/>
		</Unit>
		<Unit filename="src\MainMenuWindow.cpp">
			<Option compilerVar="CPP"/>
			<Option target="Debug"/>
			<Option target="Release"/>
		</Unit>
		<Unit filename="src\MessageWindow.cpp">
			<Option compilerVar="CPP"/>
			<Option target="Debug"/>
			<Option target="Release"/>
		</Unit>
		<Unit filename="src\PlaylistWindow.cpp">
			<Option compilerVar="CPP"/>
			<Option target="Debug"/>
			<Option target="Release"/>
		</Unit>
		<Unit filename="src\TargetSelectionWindow.cpp">
			<Option compilerVar="CPP"/>
			<Option target="Debug"/>
			<Option target="Release"/>
		</Unit>
		<Unit filename="src\UiSubsystem.cpp">
			<Option compilerVar="CPP"/>
			<Option target="Debug"/>
			<Option target="Release"/>
		</Unit>
		<Unit filename="src\WindowManager.cpp">
			<Option compilerVar="CPP"/>
			<Option target="Debug"/>
			<Option target="Release"/>
		</Unit>
	</Project>
</Code::Blocks_project_file>
