Microsoft Visual Studio Solution File, Format Version 8.00
Project("{8BC9CEB8-8B4A-11D0-8D11-00A0C91BC942}") = "RlRules", "engine\rules\RlRules.vcproj", "{16749063-3B9F-4B0E-9CC5-CC200DDBF291}"
	ProjectSection(ProjectDependencies) = postProject
		{D58412A4-DF31-4E86-95D3-49EB8F47F2D5} = {D58412A4-DF31-4E86-95D3-49EB8F47F2D5}
		{ED15F0B2-8B3B-40D1-8F56-5399B2E5E854} = {ED15F0B2-8B3B-40D1-8F56-5399B2E5E854}
	EndProjectSection
EndProject
Project("{8BC9CEB8-8B4A-11D0-8D11-00A0C91BC942}") = "RlUi", "engine\ui\RlUI.vcproj", "{ED15F0B2-8B3B-40D1-8F56-5399B2E5E850}"
	ProjectSection(ProjectDependencies) = postProject
		{B0C9D10D-819A-4DF9-8165-1F1A7B8DD509} = {B0C9D10D-819A-4DF9-8165-1F1A7B8DD509}
		{16749063-3B9F-4B0E-9CC5-CC200DDBF291} = {16749063-3B9F-4B0E-9CC5-CC200DDBF291}
		{7187C873-42CB-43FE-BE1A-F86F59410EB2} = {7187C873-42CB-43FE-BE1A-F86F59410EB2}
		{D58412A4-DF31-4E86-95D3-49EB8F47F2D5} = {D58412A4-DF31-4E86-95D3-49EB8F47F2D5}
		{ED15F0B2-8B3B-40D1-8F56-5399B2E5E854} = {ED15F0B2-8B3B-40D1-8F56-5399B2E5E854}
	EndProjectSection
EndProject
Project("{8BC9CEB8-8B4A-11D0-8D11-00A0C91BC942}") = "RlStartup", "engine\startup\RlStartup.vcproj", "{6F8FDC74-8548-4C6F-BC34-056B49508281}"
	ProjectSection(ProjectDependencies) = postProject
		{B0C9D10D-819A-4DF9-8165-1F1A7B8DD509} = {B0C9D10D-819A-4DF9-8165-1F1A7B8DD509}
		{060DA325-A3F5-42C4-A151-EC1FFEDC34A0} = {060DA325-A3F5-42C4-A151-EC1FFEDC34A0}
		{16749063-3B9F-4B0E-9CC5-CC200DDBF291} = {16749063-3B9F-4B0E-9CC5-CC200DDBF291}
		{7187C873-42CB-43FE-BE1A-F86F59410EB2} = {7187C873-42CB-43FE-BE1A-F86F59410EB2}
		{D58412A4-DF31-4E86-95D3-49EB8F47F2D5} = {D58412A4-DF31-4E86-95D3-49EB8F47F2D5}
		{ED15F0B2-8B3B-40D1-8F56-5399B2E5E850} = {ED15F0B2-8B3B-40D1-8F56-5399B2E5E850}
		{ED15F0B2-8B3B-40D1-8F56-5399B2E5E854} = {ED15F0B2-8B3B-40D1-8F56-5399B2E5E854}
		{ED32F0B2-8B3B-40D1-8F56-5399B2E5E850} = {ED32F0B2-8B3B-40D1-8F56-5399B2E5E850}
	EndProjectSection
EndProject
Project("{8BC9CEB8-8B4A-11D0-8D11-00A0C91BC942}") = "RlSound", "engine\sound\RlSound.vcproj", "{7187C873-42CB-43FE-BE1A-F86F59410EB2}"
	ProjectSection(ProjectDependencies) = postProject
		{D58412A4-DF31-4E86-95D3-49EB8F47F2D5} = {D58412A4-DF31-4E86-95D3-49EB8F47F2D5}
	EndProjectSection
EndProject
Project("{8BC9CEB8-8B4A-11D0-8D11-00A0C91BC942}") = "RlCore", "engine\core\RlCore.vcproj", "{ED15F0B2-8B3B-40D1-8F56-5399B2E5E854}"
	ProjectSection(ProjectDependencies) = postProject
		{7187C873-42CB-43FE-BE1A-F86F59410EB2} = {7187C873-42CB-43FE-BE1A-F86F59410EB2}
		{D58412A4-DF31-4E86-95D3-49EB8F47F2D5} = {D58412A4-DF31-4E86-95D3-49EB8F47F2D5}
	EndProjectSection
EndProject
Project("{8BC9CEB8-8B4A-11D0-8D11-00A0C91BC942}") = "RlCommon", "engine\common\RlCommon.vcproj", "{D58412A4-DF31-4E86-95D3-49EB8F47F2D5}"
	ProjectSection(ProjectDependencies) = postProject
	EndProjectSection
EndProject
Project("{8BC9CEB8-8B4A-11D0-8D11-00A0C91BC942}") = "RlDialog", "engine\dialog\RlDialog.vcproj", "{B0C9D10D-819A-4DF9-8165-1F1A7B8DD509}"
	ProjectSection(ProjectDependencies) = postProject
		{D58412A4-DF31-4E86-95D3-49EB8F47F2D5} = {D58412A4-DF31-4E86-95D3-49EB8F47F2D5}
		{ED15F0B2-8B3B-40D1-8F56-5399B2E5E854} = {ED15F0B2-8B3B-40D1-8F56-5399B2E5E854}
	EndProjectSection
EndProject
Project("{8BC9CEB8-8B4A-11D0-8D11-00A0C91BC942}") = "RlScript", "engine\script\RlScript.vcproj", "{060DA325-A3F5-42C4-A151-EC1FFEDC34A0}"
	ProjectSection(ProjectDependencies) = postProject
		{B0C9D10D-819A-4DF9-8165-1F1A7B8DD509} = {B0C9D10D-819A-4DF9-8165-1F1A7B8DD509}
		{16749063-3B9F-4B0E-9CC5-CC200DDBF291} = {16749063-3B9F-4B0E-9CC5-CC200DDBF291}
		{7187C873-42CB-43FE-BE1A-F86F59410EB2} = {7187C873-42CB-43FE-BE1A-F86F59410EB2}
		{D58412A4-DF31-4E86-95D3-49EB8F47F2D5} = {D58412A4-DF31-4E86-95D3-49EB8F47F2D5}
		{ED15F0B2-8B3B-40D1-8F56-5399B2E5E850} = {ED15F0B2-8B3B-40D1-8F56-5399B2E5E850}
		{ED15F0B2-8B3B-40D1-8F56-5399B2E5E854} = {ED15F0B2-8B3B-40D1-8F56-5399B2E5E854}
		{ED32F0B2-8B3B-40D1-8F56-5399B2E5E850} = {ED32F0B2-8B3B-40D1-8F56-5399B2E5E850}
	EndProjectSection
EndProject
Project("{8BC9CEB8-8B4A-11D0-8D11-00A0C91BC942}") = "RlUiComponents", "engine\uicomponents\RlUIComponents.vcproj", "{ED32F0B2-8B3B-40D1-8F56-5399B2E5E850}"
	ProjectSection(ProjectDependencies) = postProject
		{D58412A4-DF31-4E86-95D3-49EB8F47F2D5} = {D58412A4-DF31-4E86-95D3-49EB8F47F2D5}
	EndProjectSection
EndProject
Global
	GlobalSection(SolutionConfiguration) = preSolution
		Debug = Debug
		Release = Release
	EndGlobalSection
	GlobalSection(ProjectConfiguration) = postSolution
		{16749063-3B9F-4B0E-9CC5-CC200DDBF291}.Debug.ActiveCfg = Debug|Win32
		{16749063-3B9F-4B0E-9CC5-CC200DDBF291}.Debug.Build.0 = Debug|Win32
		{16749063-3B9F-4B0E-9CC5-CC200DDBF291}.Release.ActiveCfg = Release|Win32
		{16749063-3B9F-4B0E-9CC5-CC200DDBF291}.Release.Build.0 = Release|Win32
		{ED15F0B2-8B3B-40D1-8F56-5399B2E5E850}.Debug.ActiveCfg = Debug|Win32
		{ED15F0B2-8B3B-40D1-8F56-5399B2E5E850}.Debug.Build.0 = Debug|Win32
		{ED15F0B2-8B3B-40D1-8F56-5399B2E5E850}.Release.ActiveCfg = Release|Win32
		{ED15F0B2-8B3B-40D1-8F56-5399B2E5E850}.Release.Build.0 = Release|Win32
		{6F8FDC74-8548-4C6F-BC34-056B49508281}.Debug.ActiveCfg = Debug|Win32
		{6F8FDC74-8548-4C6F-BC34-056B49508281}.Debug.Build.0 = Debug|Win32
		{6F8FDC74-8548-4C6F-BC34-056B49508281}.Release.ActiveCfg = Release|Win32
		{6F8FDC74-8548-4C6F-BC34-056B49508281}.Release.Build.0 = Release|Win32
		{7187C873-42CB-43FE-BE1A-F86F59410EB2}.Debug.ActiveCfg = Debug|Win32
		{7187C873-42CB-43FE-BE1A-F86F59410EB2}.Debug.Build.0 = Debug|Win32
		{7187C873-42CB-43FE-BE1A-F86F59410EB2}.Release.ActiveCfg = Release|Win32
		{7187C873-42CB-43FE-BE1A-F86F59410EB2}.Release.Build.0 = Release|Win32
		{ED15F0B2-8B3B-40D1-8F56-5399B2E5E854}.Debug.ActiveCfg = Debug|Win32
		{ED15F0B2-8B3B-40D1-8F56-5399B2E5E854}.Debug.Build.0 = Debug|Win32
		{ED15F0B2-8B3B-40D1-8F56-5399B2E5E854}.Release.ActiveCfg = Release|Win32
		{ED15F0B2-8B3B-40D1-8F56-5399B2E5E854}.Release.Build.0 = Release|Win32
		{D58412A4-DF31-4E86-95D3-49EB8F47F2D5}.Debug.ActiveCfg = Debug|Win32
		{D58412A4-DF31-4E86-95D3-49EB8F47F2D5}.Debug.Build.0 = Debug|Win32
		{D58412A4-DF31-4E86-95D3-49EB8F47F2D5}.Release.ActiveCfg = Release|Win32
		{D58412A4-DF31-4E86-95D3-49EB8F47F2D5}.Release.Build.0 = Release|Win32
		{B0C9D10D-819A-4DF9-8165-1F1A7B8DD509}.Debug.ActiveCfg = Debug|Win32
		{B0C9D10D-819A-4DF9-8165-1F1A7B8DD509}.Debug.Build.0 = Debug|Win32
		{B0C9D10D-819A-4DF9-8165-1F1A7B8DD509}.Release.ActiveCfg = Release|Win32
		{B0C9D10D-819A-4DF9-8165-1F1A7B8DD509}.Release.Build.0 = Release|Win32
		{060DA325-A3F5-42C4-A151-EC1FFEDC34A0}.Debug.ActiveCfg = Debug|Win32
		{060DA325-A3F5-42C4-A151-EC1FFEDC34A0}.Debug.Build.0 = Debug|Win32
		{060DA325-A3F5-42C4-A151-EC1FFEDC34A0}.Release.ActiveCfg = Release|Win32
		{060DA325-A3F5-42C4-A151-EC1FFEDC34A0}.Release.Build.0 = Release|Win32
		{ED32F0B2-8B3B-40D1-8F56-5399B2E5E850}.Debug.ActiveCfg = Debug|Win32
		{ED32F0B2-8B3B-40D1-8F56-5399B2E5E850}.Debug.Build.0 = Debug|Win32
		{ED32F0B2-8B3B-40D1-8F56-5399B2E5E850}.Release.ActiveCfg = Release|Win32
		{ED32F0B2-8B3B-40D1-8F56-5399B2E5E850}.Release.Build.0 = Release|Win32
	EndGlobalSection
	GlobalSection(ExtensibilityGlobals) = postSolution
	EndGlobalSection
	GlobalSection(ExtensibilityAddIns) = postSolution
	EndGlobalSection
EndGlobal
