Microsoft Visual Studio Solution File, Format Version 8.00
Project("{8BC9CEB8-8B4A-11D0-8D11-00A0C91BC942}") = "PythonTest", "PythonTest\PythonTest.vcproj", "{0A34F8CA-12D2-420D-B71C-C029EB0775E3}"
	ProjectSection(ProjectDependencies) = postProject
	EndProjectSection
EndProject
Project("{8BC9CEB8-8B4A-11D0-8D11-00A0C91BC942}") = "PythonTestLib", "PythonTestLib\PythonTestLib.vcproj", "{4F8207C5-891A-43D7-8B56-3283BED6CC13}"
	ProjectSection(ProjectDependencies) = postProject
		{0A34F8CA-12D2-420D-B71C-C029EB0775E3} = {0A34F8CA-12D2-420D-B71C-C029EB0775E3}
	EndProjectSection
EndProject
Project("{8BC9CEB8-8B4A-11D0-8D11-00A0C91BC942}") = "PythonTestMain", "PythonTestMain\PythonTestMain.vcproj", "{3FDE0618-CA30-4313-A52D-5CC446133E19}"
	ProjectSection(ProjectDependencies) = postProject
		{4F8207C5-891A-43D7-8B56-3283BED6CC13} = {4F8207C5-891A-43D7-8B56-3283BED6CC13}
		{0A34F8CA-12D2-420D-B71C-C029EB0775E3} = {0A34F8CA-12D2-420D-B71C-C029EB0775E3}
	EndProjectSection
EndProject
Global
	GlobalSection(SolutionConfiguration) = preSolution
		Debug = Debug
		Release = Release
	EndGlobalSection
	GlobalSection(ProjectConfiguration) = postSolution
		{0A34F8CA-12D2-420D-B71C-C029EB0775E3}.Debug.ActiveCfg = Debug|Win32
		{0A34F8CA-12D2-420D-B71C-C029EB0775E3}.Debug.Build.0 = Debug|Win32
		{0A34F8CA-12D2-420D-B71C-C029EB0775E3}.Release.ActiveCfg = Release|Win32
		{0A34F8CA-12D2-420D-B71C-C029EB0775E3}.Release.Build.0 = Release|Win32
		{4F8207C5-891A-43D7-8B56-3283BED6CC13}.Debug.ActiveCfg = Debug|Win32
		{4F8207C5-891A-43D7-8B56-3283BED6CC13}.Debug.Build.0 = Debug|Win32
		{4F8207C5-891A-43D7-8B56-3283BED6CC13}.Release.ActiveCfg = Release|Win32
		{4F8207C5-891A-43D7-8B56-3283BED6CC13}.Release.Build.0 = Release|Win32
		{3FDE0618-CA30-4313-A52D-5CC446133E19}.Debug.ActiveCfg = Debug|Win32
		{3FDE0618-CA30-4313-A52D-5CC446133E19}.Debug.Build.0 = Debug|Win32
		{3FDE0618-CA30-4313-A52D-5CC446133E19}.Release.ActiveCfg = Release|Win32
		{3FDE0618-CA30-4313-A52D-5CC446133E19}.Release.Build.0 = Release|Win32
	EndGlobalSection
	GlobalSection(ExtensibilityGlobals) = postSolution
	EndGlobalSection
	GlobalSection(ExtensibilityAddIns) = postSolution
	EndGlobalSection
EndGlobal
