<?xml version="1.0"?>
<!DOCTYPE Code::Blocks_project_file>
<Code::Blocks_project_file>
	<FileVersion major="1" minor="1"/>
	<Project>
		<Option title="RlScript"/>
		<Option makefile="Makefile"/>
		<Option makefile_is_custom="0"/>
		<Option default_target="-1"/>
		<Option compiler="1"/>
		<Build>
			<Target title="Debug">
				<Option output=".\lib\Debug\RlScript.dll"/>
				<Option working_dir="."/>
				<Option object_output=".\obj\Debug"/>
				<Option deps_output=".deps"/>
				<Option external_deps=""/>
				<Option type="3"/>
				<Option compiler="1"/>
				<Option createDefFile="1"/>
				<Option createStaticLib="1"/>
				<Compiler>
					<Add option="/DWIN32"/>
					<Add option="/D_DEBUG"/>
					<Add option="/D_WINDOWS"/>
					<Add option="/D_USRDLL"/>
					<Add option="/DRLSCRIPT_EXPORTS"/>
					<Add option="/Gm"/>
					<Add option="/GR"/>
					<Add option="/Zi"/>
					<Add directory=".\include"/>
					<Add directory="..\common\include"/>
					<Add directory="..\core\include"/>
					<Add directory="..\dialog\include"/>
					<Add directory="..\rules\include"/>
					<Add directory="..\sound\include"/>
					<Add directory="..\ui\include"/>
					<Add directory="..\..\dependencies\ruby\lib\ruby\1.8\i386-mswin32"/>
					<Add directory="..\..\dependencies\ogre\OgreMain\include"/>
					<Add directory="..\..\dependencies\ogre\OgreOde\include"/>
					<Add directory="..\..\dependencies\ogre\dependencies\include"/>
					<Add directory="..\..\dependencies\cegui\include"/>
					<Add directory="..\..\dependencies\OpenAL\Include"/>
					<Add directory="..\..\dependencies\vorbis\include"/>
					<Add directory="..\..\dependencies\ogg\include"/>
					<Add directory="..\..\dependencies\boost\include"/>
					<Add directory="..\..\dependencies\xerces\include"/>
					<Add directory="..\..\dependencies\ode\include"/>
				</Compiler>
				<Linker>
					<Add option="/debug"/>
					<Add option="/incremental"/>
					<Add option="/pdb:.\lib\Debug\RlScript.pdb"/>
					<Add library="RlCore"/>
					<Add library="RlUi"/>
					<Add library="RlRules"/>
					<Add library="RlSound"/>
					<Add library="OgreMain_d"/>
					<Add library="msvcrt-ruby18"/>
					<Add library="CEGUIBase_d"/>
					<Add directory="..\rules\lib\Debug"/>
					<Add directory="..\core\lib\Debug"/>
					<Add directory="..\sound\lib\Debug"/>
					<Add directory="..\ui\lib\Debug"/>
					<Add directory="..\..\dependencies\ogre\OgreMain\lib\Debug"/>
					<Add directory="..\..\dependencies\ruby\lib"/>
					<Add directory="..\..\dependencies\cegui\lib"/>
					<Add directory="..\..\dependencies\boost\lib"/>
				</Linker>
				<ExtraCommands>
					<Add after="$(SolutionDir)\tools\copy_dlls.bat&quot; &quot;$(SolutionDir)&quot; &quot;Debug"/>
				</ExtraCommands>
			</Target>
			<Target title="Release">
				<Option output=".\lib\Release\RlScript.dll"/>
				<Option working_dir="."/>
				<Option object_output=".\obj\Release"/>
				<Option deps_output=".deps"/>
				<Option external_deps=""/>
				<Option type="3"/>
				<Option compiler="1"/>
				<Option createDefFile="1"/>
				<Option createStaticLib="1"/>
				<Compiler>
					<Add option="/DWIN32"/>
					<Add option="/DNDEBUG"/>
					<Add option="/D_WINDOWS"/>
					<Add option="/D_USRDLL"/>
					<Add option="/DRLSCRIPT_EXPORTS"/>
					<Add option="/GR"/>
					<Add option="/Zi"/>
					<Add directory=".\include"/>
					<Add directory="..\common\include"/>
					<Add directory="..\core\include"/>
					<Add directory="..\dialog\include"/>
					<Add directory="..\rules\include"/>
					<Add directory="..\sound\include"/>
					<Add directory="..\ui\include"/>
					<Add directory="..\..\dependencies\ruby\lib\ruby\1.8\i386-mswin32"/>
					<Add directory="..\..\dependencies\ogre\OgreMain\include"/>
					<Add directory="..\..\dependencies\ogre\OgreOde\include"/>
					<Add directory="..\..\dependencies\ogre\dependencies\include"/>
					<Add directory="..\..\dependencies\cegui\include"/>
					<Add directory="..\..\dependencies\OpenAL\Include"/>
					<Add directory="..\..\dependencies\vorbis\include"/>
					<Add directory="..\..\dependencies\ogg\include"/>
					<Add directory="..\..\dependencies\boost\include"/>
					<Add directory="..\..\dependencies\xerces\include"/>
					<Add directory="..\..\dependencies\ode\include"/>
				</Compiler>
				<Linker>
					<Add option="/debug"/>
					<Add option="/incremental"/>
					<Add library="RlCore"/>
					<Add library="RlUi"/>
					<Add library="RlRules"/>
					<Add library="RlSound"/>
					<Add library="OgreMain"/>
					<Add library="msvcrt-ruby18"/>
					<Add library="CEGUIBase"/>
					<Add directory="..\rules\lib\Release"/>
					<Add directory="..\core\lib\Release"/>
					<Add directory="..\sound\lib\Release"/>
					<Add directory="..\ui\lib\Release"/>
					<Add directory="..\..\dependencies\ogre\OgreMain\lib\Release"/>
					<Add directory="..\..\dependencies\ruby\lib"/>
					<Add directory="..\..\dependencies\cegui\lib"/>
					<Add directory="..\..\dependencies\boost\lib"/>
				</Linker>
				<ExtraCommands>
					<Add after="$(SolutionDir)\tools\copy_dlls.bat&quot; &quot;$(SolutionDir)&quot; &quot;Release"/>
				</ExtraCommands>
			</Target>
		</Build>
		<Compiler>
			<Add option="/GX"/>
			<Add option="/W3"/>
		</Compiler>
		<Unit filename="include\ScriptPrerequisites.h">
			<Option compilerVar=""/>
			<Option compile="0"/>
			<Option link="0"/>
			<Option target="Debug"/>
			<Option target="Release"/>
		</Unit>
		<Unit filename="include\ScriptSubsystem.h">
			<Option compilerVar=""/>
			<Option compile="0"/>
			<Option link="0"/>
			<Option target="Debug"/>
			<Option target="Release"/>
		</Unit>
		<Unit filename="include\TimerManager.h">
			<Option compilerVar=""/>
			<Option compile="0"/>
			<Option link="0"/>
			<Option target="Debug"/>
			<Option target="Release"/>
		</Unit>
		<Unit filename="include\TimerTask.h">
			<Option compilerVar=""/>
			<Option compile="0"/>
			<Option link="0"/>
			<Option target="Debug"/>
			<Option target="Release"/>
		</Unit>
		<Unit filename="src\ScriptSubsystem.cpp">
			<Option compilerVar="CPP"/>
			<Option target="Debug"/>
			<Option target="Release"/>
		</Unit>
		<Unit filename="src\TimerManager.cpp">
			<Option compilerVar="CPP"/>
			<Option target="Debug"/>
			<Option target="Release"/>
		</Unit>
		<Unit filename="src\TimerTask.cpp">
			<Option compilerVar="CPP"/>
			<Option target="Debug"/>
			<Option target="Release"/>
		</Unit>
		<Unit filename="swig\RlCore.head.inc">
			<Option compilerVar=""/>
			<Option compile="0"/>
			<Option link="0"/>
			<Option target="Debug"/>
			<Option target="Release"/>
		</Unit>
		<Unit filename="swig\RlCore.inc">
			<Option compilerVar=""/>
			<Option compile="0"/>
			<Option link="0"/>
			<Option target="Debug"/>
			<Option target="Release"/>
		</Unit>
		<Unit filename="swig\RlExports.i">
			<Option compilerVar=""/>
			<Option compile="0"/>
			<Option link="0"/>
			<Option target="Debug"/>
			<Option target="Release"/>
		</Unit>
		<Unit filename="swig\RlExports_wrap.cxx">
			<Option compilerVar="CPP"/>
			<Option target="Debug"/>
			<Option target="Release"/>
		</Unit>
		<Unit filename="swig\RlExports_wrap.h">
			<Option compilerVar=""/>
			<Option compile="0"/>
			<Option link="0"/>
			<Option target="Debug"/>
			<Option target="Release"/>
		</Unit>
		<Unit filename="swig\RlRules.head.inc">
			<Option compilerVar=""/>
			<Option compile="0"/>
			<Option link="0"/>
			<Option target="Debug"/>
			<Option target="Release"/>
		</Unit>
		<Unit filename="swig\RlRules.inc">
			<Option compilerVar=""/>
			<Option compile="0"/>
			<Option link="0"/>
			<Option target="Debug"/>
			<Option target="Release"/>
		</Unit>
		<Unit filename="swig\RlScript.head.inc">
			<Option compilerVar=""/>
			<Option compile="0"/>
			<Option link="0"/>
			<Option target="Debug"/>
			<Option target="Release"/>
		</Unit>
		<Unit filename="swig\RlScript.inc">
			<Option compilerVar=""/>
			<Option compile="0"/>
			<Option link="0"/>
			<Option target="Debug"/>
			<Option target="Release"/>
		</Unit>
		<Unit filename="swig\RlSound.head.inc">
			<Option compilerVar=""/>
			<Option compile="0"/>
			<Option link="0"/>
			<Option target="Debug"/>
			<Option target="Release"/>
		</Unit>
		<Unit filename="swig\RlSound.inc">
			<Option compilerVar=""/>
			<Option compile="0"/>
			<Option link="0"/>
			<Option target="Debug"/>
			<Option target="Release"/>
		</Unit>
		<Unit filename="swig\RlUi.head.inc">
			<Option compilerVar=""/>
			<Option compile="0"/>
			<Option link="0"/>
			<Option target="Debug"/>
			<Option target="Release"/>
		</Unit>
		<Unit filename="swig\RlUi.inc">
			<Option compilerVar=""/>
			<Option compile="0"/>
			<Option link="0"/>
			<Option target="Debug"/>
			<Option target="Release"/>
		</Unit>
		<Unit filename="swig\TypeMaps.i">
			<Option compilerVar=""/>
			<Option compile="0"/>
			<Option link="0"/>
			<Option target="Debug"/>
			<Option target="Release"/>
		</Unit>
	</Project>
</Code::Blocks_project_file>
